// !$*UTF8*$!
{
	archiveVersion = 1;
	classes = {
	};
	objectVersion = 50;
	objects = {

/* Begin PBXBuildFile section */
		18076CFA25E74878003B9ABB /* UserPage1ViewController.swift in Sources */ = {isa = PBXBuildFile; fileRef = 18076CF925E74878003B9ABB /* UserPage1ViewController.swift */; };
		18076CFC25E754A9003B9ABB /* UserPage2ViewController.swift in Sources */ = {isa = PBXBuildFile; fileRef = 18076CFB25E754A9003B9ABB /* UserPage2ViewController.swift */; };
		18076CFE25E75979003B9ABB /* UserPage3ViewController.swift in Sources */ = {isa = PBXBuildFile; fileRef = 18076CFD25E75979003B9ABB /* UserPage3ViewController.swift */; };
		18076D0025E77398003B9ABB /* UserPage4ViewController.swift in Sources */ = {isa = PBXBuildFile; fileRef = 18076CFF25E77398003B9ABB /* UserPage4ViewController.swift */; };
		18076D0325E77925003B9ABB /* LogInViewController.swift in Sources */ = {isa = PBXBuildFile; fileRef = 18076D0225E77925003B9ABB /* LogInViewController.swift */; };
		181D878025E8B2CF002E116D /* CustomTextfield.swift in Sources */ = {isa = PBXBuildFile; fileRef = 181D877F25E8B2CF002E116D /* CustomTextfield.swift */; };
		18387E2725E71AF7000F67EB /* UserRegPage2ViewController.swift in Sources */ = {isa = PBXBuildFile; fileRef = 18387E2625E71AF7000F67EB /* UserRegPage2ViewController.swift */; };
		18387E2925E71B2F000F67EB /* UserRegPg3ViewController.swift in Sources */ = {isa = PBXBuildFile; fileRef = 18387E2825E71B2F000F67EB /* UserRegPg3ViewController.swift */; };
		18387E3025E7212F000F67EB /* BasisGrotesquePro-Light.ttf in Resources */ = {isa = PBXBuildFile; fileRef = 18387E2D25E7212E000F67EB /* BasisGrotesquePro-Light.ttf */; };
		18387E3125E7212F000F67EB /* BasisGrotesquePro-Regular.ttf in Resources */ = {isa = PBXBuildFile; fileRef = 18387E2E25E7212F000F67EB /* BasisGrotesquePro-Regular.ttf */; };
		18387E3225E7212F000F67EB /* BasisGrotesquePro-Bold.ttf in Resources */ = {isa = PBXBuildFile; fileRef = 18387E2F25E7212F000F67EB /* BasisGrotesquePro-Bold.ttf */; };
		187B405525ED4AA3003EC979 /* Dealer6ViewController.swift in Sources */ = {isa = PBXBuildFile; fileRef = 187B405425ED4AA3003EC979 /* Dealer6ViewController.swift */; };
		187B405725ED5153003EC979 /* Dealer7ViewController.swift in Sources */ = {isa = PBXBuildFile; fileRef = 187B405625ED5152003EC979 /* Dealer7ViewController.swift */; };
		187B405925ED5829003EC979 /* Dealer8ViewController.swift in Sources */ = {isa = PBXBuildFile; fileRef = 187B405825ED5829003EC979 /* Dealer8ViewController.swift */; };
		18A0426F25ECFBC9001B09F2 /* Dealer1ViewController.swift in Sources */ = {isa = PBXBuildFile; fileRef = 18A0426E25ECFBC9001B09F2 /* Dealer1ViewController.swift */; };
		18A0427125ECFEFA001B09F2 /* Dealer2ViewController.swift in Sources */ = {isa = PBXBuildFile; fileRef = 18A0427025ECFEFA001B09F2 /* Dealer2ViewController.swift */; };
		18A0427325ED1E26001B09F2 /* Dealer3ViewController.swift in Sources */ = {isa = PBXBuildFile; fileRef = 18A0427225ED1E26001B09F2 /* Dealer3ViewController.swift */; };
		18A0427525ED2589001B09F2 /* Dealer4ViewController.swift in Sources */ = {isa = PBXBuildFile; fileRef = 18A0427425ED2589001B09F2 /* Dealer4ViewController.swift */; };
		18A0427725ED31DC001B09F2 /* Dealer5ViewController.swift in Sources */ = {isa = PBXBuildFile; fileRef = 18A0427625ED31DC001B09F2 /* Dealer5ViewController.swift */; };
		18A48A8525E64DEE006F3097 /* AppDelegate.swift in Sources */ = {isa = PBXBuildFile; fileRef = 18A48A8425E64DEE006F3097 /* AppDelegate.swift */; };
		18A48A8725E64DEE006F3097 /* SceneDelegate.swift in Sources */ = {isa = PBXBuildFile; fileRef = 18A48A8625E64DEE006F3097 /* SceneDelegate.swift */; };
		18A48A8925E64DEE006F3097 /* ViewController.swift in Sources */ = {isa = PBXBuildFile; fileRef = 18A48A8825E64DEE006F3097 /* ViewController.swift */; };
		18A48A8C25E64DEE006F3097 /* Main.storyboard in Resources */ = {isa = PBXBuildFile; fileRef = 18A48A8A25E64DEE006F3097 /* Main.storyboard */; };
		18A48A8E25E64DF3006F3097 /* Assets.xcassets in Resources */ = {isa = PBXBuildFile; fileRef = 18A48A8D25E64DF3006F3097 /* Assets.xcassets */; };
		18A48A9125E64DF3006F3097 /* LaunchScreen.storyboard in Resources */ = {isa = PBXBuildFile; fileRef = 18A48A8F25E64DF3006F3097 /* LaunchScreen.storyboard */; };
		18A48A9C25E64DF3006F3097 /* FinanceTests.swift in Sources */ = {isa = PBXBuildFile; fileRef = 18A48A9B25E64DF3006F3097 /* FinanceTests.swift */; };
		18A48AA725E64DF3006F3097 /* FinanceUITests.swift in Sources */ = {isa = PBXBuildFile; fileRef = 18A48AA625E64DF3006F3097 /* FinanceUITests.swift */; };
		18C782CD25E8DDC500813A0D /* Basis Grotesque Pro Medium.ttf in Resources */ = {isa = PBXBuildFile; fileRef = 18C782CC25E8DDC500813A0D /* Basis Grotesque Pro Medium.ttf */; };
		18EDAC5525E939130096AFD4 /* Forgt1ViewController.swift in Sources */ = {isa = PBXBuildFile; fileRef = 18EDAC5425E939130096AFD4 /* Forgt1ViewController.swift */; };
		18EDAC5725E9392F0096AFD4 /* Forgot2ViewController.swift in Sources */ = {isa = PBXBuildFile; fileRef = 18EDAC5625E9392F0096AFD4 /* Forgot2ViewController.swift */; };
		18EDAC5925E939410096AFD4 /* Forgot3ViewController.swift in Sources */ = {isa = PBXBuildFile; fileRef = 18EDAC5825E939410096AFD4 /* Forgot3ViewController.swift */; };
		18EDAC5B25E954130096AFD4 /* OTPTextField.swift in Sources */ = {isa = PBXBuildFile; fileRef = 18EDAC5A25E954130096AFD4 /* OTPTextField.swift */; };
/* End PBXBuildFile section */

/* Begin PBXContainerItemProxy section */
		18A48A9825E64DF3006F3097 /* PBXContainerItemProxy */ = {
			isa = PBXContainerItemProxy;
			containerPortal = 18A48A7925E64DEE006F3097 /* Project object */;
			proxyType = 1;
			remoteGlobalIDString = 18A48A8025E64DEE006F3097;
			remoteInfo = Finance;
		};
		18A48AA325E64DF3006F3097 /* PBXContainerItemProxy */ = {
			isa = PBXContainerItemProxy;
			containerPortal = 18A48A7925E64DEE006F3097 /* Project object */;
			proxyType = 1;
			remoteGlobalIDString = 18A48A8025E64DEE006F3097;
			remoteInfo = Finance;
		};
/* End PBXContainerItemProxy section */

/* Begin PBXFileReference section */
		18076CF925E74878003B9ABB /* UserPage1ViewController.swift */ = {isa = PBXFileReference; lastKnownFileType = sourcecode.swift; path = UserPage1ViewController.swift; sourceTree = "<group>"; };
		18076CFB25E754A9003B9ABB /* UserPage2ViewController.swift */ = {isa = PBXFileReference; lastKnownFileType = sourcecode.swift; path = UserPage2ViewController.swift; sourceTree = "<group>"; };
		18076CFD25E75979003B9ABB /* UserPage3ViewController.swift */ = {isa = PBXFileReference; lastKnownFileType = sourcecode.swift; path = UserPage3ViewController.swift; sourceTree = "<group>"; };
		18076CFF25E77398003B9ABB /* UserPage4ViewController.swift */ = {isa = PBXFileReference; lastKnownFileType = sourcecode.swift; path = UserPage4ViewController.swift; sourceTree = "<group>"; };
		18076D0225E77925003B9ABB /* LogInViewController.swift */ = {isa = PBXFileReference; lastKnownFileType = sourcecode.swift; path = LogInViewController.swift; sourceTree = "<group>"; };
		181D877F25E8B2CF002E116D /* CustomTextfield.swift */ = {isa = PBXFileReference; lastKnownFileType = sourcecode.swift; path = CustomTextfield.swift; sourceTree = "<group>"; };
		18387E2625E71AF7000F67EB /* UserRegPage2ViewController.swift */ = {isa = PBXFileReference; lastKnownFileType = sourcecode.swift; path = UserRegPage2ViewController.swift; sourceTree = "<group>"; };
		18387E2825E71B2F000F67EB /* UserRegPg3ViewController.swift */ = {isa = PBXFileReference; lastKnownFileType = sourcecode.swift; path = UserRegPg3ViewController.swift; sourceTree = "<group>"; };
		18387E2D25E7212E000F67EB /* BasisGrotesquePro-Light.ttf */ = {isa = PBXFileReference; lastKnownFileType = file; path = "BasisGrotesquePro-Light.ttf"; sourceTree = "<group>"; };
		18387E2E25E7212F000F67EB /* BasisGrotesquePro-Regular.ttf */ = {isa = PBXFileReference; lastKnownFileType = file; path = "BasisGrotesquePro-Regular.ttf"; sourceTree = "<group>"; };
		18387E2F25E7212F000F67EB /* BasisGrotesquePro-Bold.ttf */ = {isa = PBXFileReference; lastKnownFileType = file; path = "BasisGrotesquePro-Bold.ttf"; sourceTree = "<group>"; };
		187B405425ED4AA3003EC979 /* Dealer6ViewController.swift */ = {isa = PBXFileReference; lastKnownFileType = sourcecode.swift; path = Dealer6ViewController.swift; sourceTree = "<group>"; };
		187B405625ED5152003EC979 /* Dealer7ViewController.swift */ = {isa = PBXFileReference; lastKnownFileType = sourcecode.swift; path = Dealer7ViewController.swift; sourceTree = "<group>"; };
		187B405825ED5829003EC979 /* Dealer8ViewController.swift */ = {isa = PBXFileReference; lastKnownFileType = sourcecode.swift; path = Dealer8ViewController.swift; sourceTree = "<group>"; };
		18A0426E25ECFBC9001B09F2 /* Dealer1ViewController.swift */ = {isa = PBXFileReference; lastKnownFileType = sourcecode.swift; path = Dealer1ViewController.swift; sourceTree = "<group>"; };
		18A0427025ECFEFA001B09F2 /* Dealer2ViewController.swift */ = {isa = PBXFileReference; lastKnownFileType = sourcecode.swift; path = Dealer2ViewController.swift; sourceTree = "<group>"; };
		18A0427225ED1E26001B09F2 /* Dealer3ViewController.swift */ = {isa = PBXFileReference; lastKnownFileType = sourcecode.swift; path = Dealer3ViewController.swift; sourceTree = "<group>"; };
		18A0427425ED2589001B09F2 /* Dealer4ViewController.swift */ = {isa = PBXFileReference; lastKnownFileType = sourcecode.swift; path = Dealer4ViewController.swift; sourceTree = "<group>"; };
		18A0427625ED31DC001B09F2 /* Dealer5ViewController.swift */ = {isa = PBXFileReference; lastKnownFileType = sourcecode.swift; path = Dealer5ViewController.swift; sourceTree = "<group>"; };
		18A48A8125E64DEE006F3097 /* Finance.app */ = {isa = PBXFileReference; explicitFileType = wrapper.application; includeInIndex = 0; path = Finance.app; sourceTree = BUILT_PRODUCTS_DIR; };
		18A48A8425E64DEE006F3097 /* AppDelegate.swift */ = {isa = PBXFileReference; lastKnownFileType = sourcecode.swift; path = AppDelegate.swift; sourceTree = "<group>"; };
		18A48A8625E64DEE006F3097 /* SceneDelegate.swift */ = {isa = PBXFileReference; lastKnownFileType = sourcecode.swift; path = SceneDelegate.swift; sourceTree = "<group>"; };
		18A48A8825E64DEE006F3097 /* ViewController.swift */ = {isa = PBXFileReference; lastKnownFileType = sourcecode.swift; path = ViewController.swift; sourceTree = "<group>"; };
		18A48A8B25E64DEE006F3097 /* Base */ = {isa = PBXFileReference; lastKnownFileType = file.storyboard; name = Base; path = Base.lproj/Main.storyboard; sourceTree = "<group>"; };
		18A48A8D25E64DF3006F3097 /* Assets.xcassets */ = {isa = PBXFileReference; lastKnownFileType = folder.assetcatalog; path = Assets.xcassets; sourceTree = "<group>"; };
		18A48A9025E64DF3006F3097 /* Base */ = {isa = PBXFileReference; lastKnownFileType = file.storyboard; name = Base; path = Base.lproj/LaunchScreen.storyboard; sourceTree = "<group>"; };
		18A48A9225E64DF3006F3097 /* Info.plist */ = {isa = PBXFileReference; lastKnownFileType = text.plist.xml; path = Info.plist; sourceTree = "<group>"; };
		18A48A9725E64DF3006F3097 /* FinanceTests.xctest */ = {isa = PBXFileReference; explicitFileType = wrapper.cfbundle; includeInIndex = 0; path = FinanceTests.xctest; sourceTree = BUILT_PRODUCTS_DIR; };
		18A48A9B25E64DF3006F3097 /* FinanceTests.swift */ = {isa = PBXFileReference; lastKnownFileType = sourcecode.swift; path = FinanceTests.swift; sourceTree = "<group>"; };
		18A48A9D25E64DF3006F3097 /* Info.plist */ = {isa = PBXFileReference; lastKnownFileType = text.plist.xml; path = Info.plist; sourceTree = "<group>"; };
		18A48AA225E64DF3006F3097 /* FinanceUITests.xctest */ = {isa = PBXFileReference; explicitFileType = wrapper.cfbundle; includeInIndex = 0; path = FinanceUITests.xctest; sourceTree = BUILT_PRODUCTS_DIR; };
		18A48AA625E64DF3006F3097 /* FinanceUITests.swift */ = {isa = PBXFileReference; lastKnownFileType = sourcecode.swift; path = FinanceUITests.swift; sourceTree = "<group>"; };
		18A48AA825E64DF3006F3097 /* Info.plist */ = {isa = PBXFileReference; lastKnownFileType = text.plist.xml; path = Info.plist; sourceTree = "<group>"; };
		18C782CC25E8DDC500813A0D /* Basis Grotesque Pro Medium.ttf */ = {isa = PBXFileReference; lastKnownFileType = file; path = "Basis Grotesque Pro Medium.ttf"; sourceTree = "<group>"; };
		18EDAC5425E939130096AFD4 /* Forgt1ViewController.swift */ = {isa = PBXFileReference; lastKnownFileType = sourcecode.swift; path = Forgt1ViewController.swift; sourceTree = "<group>"; };
		18EDAC5625E9392F0096AFD4 /* Forgot2ViewController.swift */ = {isa = PBXFileReference; lastKnownFileType = sourcecode.swift; path = Forgot2ViewController.swift; sourceTree = "<group>"; };
		18EDAC5825E939410096AFD4 /* Forgot3ViewController.swift */ = {isa = PBXFileReference; lastKnownFileType = sourcecode.swift; path = Forgot3ViewController.swift; sourceTree = "<group>"; };
		18EDAC5A25E954130096AFD4 /* OTPTextField.swift */ = {isa = PBXFileReference; lastKnownFileType = sourcecode.swift; path = OTPTextField.swift; sourceTree = "<group>"; };
/* End PBXFileReference section */

/* Begin PBXFrameworksBuildPhase section */
		18A48A7E25E64DEE006F3097 /* Frameworks */ = {
			isa = PBXFrameworksBuildPhase;
			buildActionMask = 2147483647;
			files = (
			);
			runOnlyForDeploymentPostprocessing = 0;
		};
		18A48A9425E64DF3006F3097 /* Frameworks */ = {
			isa = PBXFrameworksBuildPhase;
			buildActionMask = 2147483647;
			files = (
			);
			runOnlyForDeploymentPostprocessing = 0;
		};
		18A48A9F25E64DF3006F3097 /* Frameworks */ = {
			isa = PBXFrameworksBuildPhase;
			buildActionMask = 2147483647;
			files = (
			);
			runOnlyForDeploymentPostprocessing = 0;
		};
/* End PBXFrameworksBuildPhase section */

/* Begin PBXGroup section */
		18076CF825E747F8003B9ABB /* Registration */ = {
			isa = PBXGroup;
			children = (
				18076CF925E74878003B9ABB /* UserPage1ViewController.swift */,
				18076CFB25E754A9003B9ABB /* UserPage2ViewController.swift */,
				18076CFD25E75979003B9ABB /* UserPage3ViewController.swift */,
				18076CFF25E77398003B9ABB /* UserPage4ViewController.swift */,
				18076D0125E77908003B9ABB /* Log In */,
			);
			path = Registration;
			sourceTree = "<group>";
		};
		18076D0125E77908003B9ABB /* Log In */ = {
			isa = PBXGroup;
			children = (
				18076D0225E77925003B9ABB /* LogInViewController.swift */,
				18EDAC5325E938E20096AFD4 /* Forgot Password */,
			);
			path = "Log In";
			sourceTree = "<group>";
		};
		18387E2A25E71E7D000F67EB /* Fonts */ = {
			isa = PBXGroup;
			children = (
				18387E2F25E7212F000F67EB /* BasisGrotesquePro-Bold.ttf */,
				18387E2D25E7212E000F67EB /* BasisGrotesquePro-Light.ttf */,
				18387E2E25E7212F000F67EB /* BasisGrotesquePro-Regular.ttf */,
				18C782CC25E8DDC500813A0D /* Basis Grotesque Pro Medium.ttf */,
			);
			path = Fonts;
			sourceTree = "<group>";
		};
		183F88E225E7115E00EFD168 /* ViewControllers */ = {
			isa = PBXGroup;
			children = (
				18076CF825E747F8003B9ABB /* Registration */,
				183F88E325E7117E00EFD168 /* OnBoarding */,
			);
			path = ViewControllers;
			sourceTree = "<group>";
		};
		183F88E325E7117E00EFD168 /* OnBoarding */ = {
			isa = PBXGroup;
			children = (
				18A48A8825E64DEE006F3097 /* ViewController.swift */,
				18387E2625E71AF7000F67EB /* UserRegPage2ViewController.swift */,
				18387E2825E71B2F000F67EB /* UserRegPg3ViewController.swift */,
			);
			path = OnBoarding;
			sourceTree = "<group>";
		};
		18A0426D25ECFB9C001B09F2 /* Dealer Registration */ = {
			isa = PBXGroup;
			children = (
				18A0426E25ECFBC9001B09F2 /* Dealer1ViewController.swift */,
				18A0427025ECFEFA001B09F2 /* Dealer2ViewController.swift */,
				18A0427225ED1E26001B09F2 /* Dealer3ViewController.swift */,
				18A0427425ED2589001B09F2 /* Dealer4ViewController.swift */,
				18A0427625ED31DC001B09F2 /* Dealer5ViewController.swift */,
				187B405425ED4AA3003EC979 /* Dealer6ViewController.swift */,
				187B405625ED5152003EC979 /* Dealer7ViewController.swift */,
				187B405825ED5829003EC979 /* Dealer8ViewController.swift */,
			);
			path = "Dealer Registration";
			sourceTree = "<group>";
		};
		18A48A7825E64DEE006F3097 = {
			isa = PBXGroup;
			children = (
				18A48A8325E64DEE006F3097 /* Finance */,
				18A48A9A25E64DF3006F3097 /* FinanceTests */,
				18A48AA525E64DF3006F3097 /* FinanceUITests */,
				18A48A8225E64DEE006F3097 /* Products */,
			);
			sourceTree = "<group>";
		};
		18A48A8225E64DEE006F3097 /* Products */ = {
			isa = PBXGroup;
			children = (
				18A48A8125E64DEE006F3097 /* Finance.app */,
				18A48A9725E64DF3006F3097 /* FinanceTests.xctest */,
				18A48AA225E64DF3006F3097 /* FinanceUITests.xctest */,
			);
			name = Products;
			sourceTree = "<group>";
		};
		18A48A8325E64DEE006F3097 /* Finance */ = {
			isa = PBXGroup;
			children = (
				18A48A8425E64DEE006F3097 /* AppDelegate.swift */,
				18A48A8625E64DEE006F3097 /* SceneDelegate.swift */,
				181D877F25E8B2CF002E116D /* CustomTextfield.swift */,
				18EDAC5A25E954130096AFD4 /* OTPTextField.swift */,
				18387E2A25E71E7D000F67EB /* Fonts */,
				183F88E225E7115E00EFD168 /* ViewControllers */,
				18A48A8A25E64DEE006F3097 /* Main.storyboard */,
				18A48A8D25E64DF3006F3097 /* Assets.xcassets */,
				18A48A8F25E64DF3006F3097 /* LaunchScreen.storyboard */,
				18A48A9225E64DF3006F3097 /* Info.plist */,
			);
			path = Finance;
			sourceTree = "<group>";
		};
		18A48A9A25E64DF3006F3097 /* FinanceTests */ = {
			isa = PBXGroup;
			children = (
				18A48A9B25E64DF3006F3097 /* FinanceTests.swift */,
				18A48A9D25E64DF3006F3097 /* Info.plist */,
			);
			path = FinanceTests;
			sourceTree = "<group>";
		};
		18A48AA525E64DF3006F3097 /* FinanceUITests */ = {
			isa = PBXGroup;
			children = (
				18A48AA625E64DF3006F3097 /* FinanceUITests.swift */,
				18A48AA825E64DF3006F3097 /* Info.plist */,
			);
			path = FinanceUITests;
			sourceTree = "<group>";
		};
		18EDAC5325E938E20096AFD4 /* Forgot Password */ = {
			isa = PBXGroup;
			children = (
				18EDAC5425E939130096AFD4 /* Forgt1ViewController.swift */,
				18EDAC5625E9392F0096AFD4 /* Forgot2ViewController.swift */,
				18EDAC5825E939410096AFD4 /* Forgot3ViewController.swift */,
				18A0426D25ECFB9C001B09F2 /* Dealer Registration */,
			);
			path = "Forgot Password";
			sourceTree = "<group>";
		};
/* End PBXGroup section */

/* Begin PBXNativeTarget section */
		18A48A8025E64DEE006F3097 /* Finance */ = {
			isa = PBXNativeTarget;
			buildConfigurationList = 18A48AAB25E64DF3006F3097 /* Build configuration list for PBXNativeTarget "Finance" */;
			buildPhases = (
				18A48A7D25E64DEE006F3097 /* Sources */,
				18A48A7E25E64DEE006F3097 /* Frameworks */,
				18A48A7F25E64DEE006F3097 /* Resources */,
			);
			buildRules = (
			);
			dependencies = (
			);
			name = Finance;
			productName = Finance;
			productReference = 18A48A8125E64DEE006F3097 /* Finance.app */;
			productType = "com.apple.product-type.application";
		};
		18A48A9625E64DF3006F3097 /* FinanceTests */ = {
			isa = PBXNativeTarget;
			buildConfigurationList = 18A48AAE25E64DF3006F3097 /* Build configuration list for PBXNativeTarget "FinanceTests" */;
			buildPhases = (
				18A48A9325E64DF3006F3097 /* Sources */,
				18A48A9425E64DF3006F3097 /* Frameworks */,
				18A48A9525E64DF3006F3097 /* Resources */,
			);
			buildRules = (
			);
			dependencies = (
				18A48A9925E64DF3006F3097 /* PBXTargetDependency */,
			);
			name = FinanceTests;
			productName = FinanceTests;
			productReference = 18A48A9725E64DF3006F3097 /* FinanceTests.xctest */;
			productType = "com.apple.product-type.bundle.unit-test";
		};
		18A48AA125E64DF3006F3097 /* FinanceUITests */ = {
			isa = PBXNativeTarget;
			buildConfigurationList = 18A48AB125E64DF3006F3097 /* Build configuration list for PBXNativeTarget "FinanceUITests" */;
			buildPhases = (
				18A48A9E25E64DF3006F3097 /* Sources */,
				18A48A9F25E64DF3006F3097 /* Frameworks */,
				18A48AA025E64DF3006F3097 /* Resources */,
			);
			buildRules = (
			);
			dependencies = (
				18A48AA425E64DF3006F3097 /* PBXTargetDependency */,
			);
			name = FinanceUITests;
			productName = FinanceUITests;
			productReference = 18A48AA225E64DF3006F3097 /* FinanceUITests.xctest */;
			productType = "com.apple.product-type.bundle.ui-testing";
		};
/* End PBXNativeTarget section */

/* Begin PBXProject section */
		18A48A7925E64DEE006F3097 /* Project object */ = {
			isa = PBXProject;
			attributes = {
				LastSwiftUpdateCheck = 1160;
				LastUpgradeCheck = 1160;
				ORGANIZATIONNAME = "Ammar Irfan";
				TargetAttributes = {
					18A48A8025E64DEE006F3097 = {
						CreatedOnToolsVersion = 11.6;
					};
					18A48A9625E64DF3006F3097 = {
						CreatedOnToolsVersion = 11.6;
						TestTargetID = 18A48A8025E64DEE006F3097;
					};
					18A48AA125E64DF3006F3097 = {
						CreatedOnToolsVersion = 11.6;
						TestTargetID = 18A48A8025E64DEE006F3097;
					};
				};
			};
			buildConfigurationList = 18A48A7C25E64DEE006F3097 /* Build configuration list for PBXProject "Finance" */;
			compatibilityVersion = "Xcode 9.3";
			developmentRegion = en;
			hasScannedForEncodings = 0;
			knownRegions = (
				en,
				Base,
			);
			mainGroup = 18A48A7825E64DEE006F3097;
			productRefGroup = 18A48A8225E64DEE006F3097 /* Products */;
			projectDirPath = "";
			projectRoot = "";
			targets = (
				18A48A8025E64DEE006F3097 /* Finance */,
				18A48A9625E64DF3006F3097 /* FinanceTests */,
				18A48AA125E64DF3006F3097 /* FinanceUITests */,
			);
		};
/* End PBXProject section */

/* Begin PBXResourcesBuildPhase section */
		18A48A7F25E64DEE006F3097 /* Resources */ = {
			isa = PBXResourcesBuildPhase;
			buildActionMask = 2147483647;
			files = (
				18387E3025E7212F000F67EB /* BasisGrotesquePro-Light.ttf in Resources */,
				18A48A9125E64DF3006F3097 /* LaunchScreen.storyboard in Resources */,
				18387E3125E7212F000F67EB /* BasisGrotesquePro-Regular.ttf in Resources */,
				18C782CD25E8DDC500813A0D /* Basis Grotesque Pro Medium.ttf in Resources */,
				18387E3225E7212F000F67EB /* BasisGrotesquePro-Bold.ttf in Resources */,
				18A48A8E25E64DF3006F3097 /* Assets.xcassets in Resources */,
				18A48A8C25E64DEE006F3097 /* Main.storyboard in Resources */,
			);
			runOnlyForDeploymentPostprocessing = 0;
		};
		18A48A9525E64DF3006F3097 /* Resources */ = {
			isa = PBXResourcesBuildPhase;
			buildActionMask = 2147483647;
			files = (
			);
			runOnlyForDeploymentPostprocessing = 0;
		};
		18A48AA025E64DF3006F3097 /* Resources */ = {
			isa = PBXResourcesBuildPhase;
			buildActionMask = 2147483647;
			files = (
			);
			runOnlyForDeploymentPostprocessing = 0;
		};
/* End PBXResourcesBuildPhase section */

/* Begin PBXSourcesBuildPhase section */
		18A48A7D25E64DEE006F3097 /* Sources */ = {
			isa = PBXSourcesBuildPhase;
			buildActionMask = 2147483647;
			files = (
				18076CFA25E74878003B9ABB /* UserPage1ViewController.swift in Sources */,
				18387E2725E71AF7000F67EB /* UserRegPage2ViewController.swift in Sources */,
				18076CFC25E754A9003B9ABB /* UserPage2ViewController.swift in Sources */,
				187B405725ED5153003EC979 /* Dealer7ViewController.swift in Sources */,
				18A0426F25ECFBC9001B09F2 /* Dealer1ViewController.swift in Sources */,
				18387E2925E71B2F000F67EB /* UserRegPg3ViewController.swift in Sources */,
				181D878025E8B2CF002E116D /* CustomTextfield.swift in Sources */,
				18A48A8925E64DEE006F3097 /* ViewController.swift in Sources */,
				18A48A8525E64DEE006F3097 /* AppDelegate.swift in Sources */,
				18EDAC5525E939130096AFD4 /* Forgt1ViewController.swift in Sources */,
				18A0427525ED2589001B09F2 /* Dealer4ViewController.swift in Sources */,
				18076CFE25E75979003B9ABB /* UserPage3ViewController.swift in Sources */,
				18EDAC5925E939410096AFD4 /* Forgot3ViewController.swift in Sources */,
				187B405525ED4AA3003EC979 /* Dealer6ViewController.swift in Sources */,
				18A48A8725E64DEE006F3097 /* SceneDelegate.swift in Sources */,
				18A0427125ECFEFA001B09F2 /* Dealer2ViewController.swift in Sources */,
				18EDAC5725E9392F0096AFD4 /* Forgot2ViewController.swift in Sources */,
				187B405925ED5829003EC979 /* Dealer8ViewController.swift in Sources */,
				18076D0325E77925003B9ABB /* LogInViewController.swift in Sources */,
				18A0427325ED1E26001B09F2 /* Dealer3ViewController.swift in Sources */,
				18076D0025E77398003B9ABB /* UserPage4ViewController.swift in Sources */,
				18EDAC5B25E954130096AFD4 /* OTPTextField.swift in Sources */,
				18A0427725ED31DC001B09F2 /* Dealer5ViewController.swift in Sources */,
			);
			runOnlyForDeploymentPostprocessing = 0;
		};
		18A48A9325E64DF3006F3097 /* Sources */ = {
			isa = PBXSourcesBuildPhase;
			buildActionMask = 2147483647;
			files = (
				18A48A9C25E64DF3006F3097 /* FinanceTests.swift in Sources */,
			);
			runOnlyForDeploymentPostprocessing = 0;
		};
		18A48A9E25E64DF3006F3097 /* Sources */ = {
			isa = PBXSourcesBuildPhase;
			buildActionMask = 2147483647;
			files = (
				18A48AA725E64DF3006F3097 /* FinanceUITests.swift in Sources */,
			);
			runOnlyForDeploymentPostprocessing = 0;
		};
/* End PBXSourcesBuildPhase section */

/* Begin PBXTargetDependency section */
		18A48A9925E64DF3006F3097 /* PBXTargetDependency */ = {
			isa = PBXTargetDependency;
			target = 18A48A8025E64DEE006F3097 /* Finance */;
			targetProxy = 18A48A9825E64DF3006F3097 /* PBXContainerItemProxy */;
		};
		18A48AA425E64DF3006F3097 /* PBXTargetDependency */ = {
			isa = PBXTargetDependency;
			target = 18A48A8025E64DEE006F3097 /* Finance */;
			targetProxy = 18A48AA325E64DF3006F3097 /* PBXContainerItemProxy */;
		};
/* End PBXTargetDependency section */

/* Begin PBXVariantGroup section */
		18A48A8A25E64DEE006F3097 /* Main.storyboard */ = {
			isa = PBXVariantGroup;
			children = (
				18A48A8B25E64DEE006F3097 /* Base */,
			);
			name = Main.storyboard;
			sourceTree = "<group>";
		};
		18A48A8F25E64DF3006F3097 /* LaunchScreen.storyboard */ = {
			isa = PBXVariantGroup;
			children = (
				18A48A9025E64DF3006F3097 /* Base */,
			);
			name = LaunchScreen.storyboard;
			sourceTree = "<group>";
		};
/* End PBXVariantGroup section */

/* Begin XCBuildConfiguration section */
		18A48AA925E64DF3006F3097 /* Debug */ = {
			isa = XCBuildConfiguration;
			buildSettings = {
				ALWAYS_SEARCH_USER_PATHS = NO;
				CLANG_ANALYZER_NONNULL = YES;
				CLANG_ANALYZER_NUMBER_OBJECT_CONVERSION = YES_AGGRESSIVE;
				CLANG_CXX_LANGUAGE_STANDARD = "gnu++14";
				CLANG_CXX_LIBRARY = "libc++";
				CLANG_ENABLE_MODULES = YES;
				CLANG_ENABLE_OBJC_ARC = YES;
				CLANG_ENABLE_OBJC_WEAK = YES;
				CLANG_WARN_BLOCK_CAPTURE_AUTORELEASING = YES;
				CLANG_WARN_BOOL_CONVERSION = YES;
				CLANG_WARN_COMMA = YES;
				CLANG_WARN_CONSTANT_CONVERSION = YES;
				CLANG_WARN_DEPRECATED_OBJC_IMPLEMENTATIONS = YES;
				CLANG_WARN_DIRECT_OBJC_ISA_USAGE = YES_ERROR;
				CLANG_WARN_DOCUMENTATION_COMMENTS = YES;
				CLANG_WARN_EMPTY_BODY = YES;
				CLANG_WARN_ENUM_CONVERSION = YES;
				CLANG_WARN_INFINITE_RECURSION = YES;
				CLANG_WARN_INT_CONVERSION = YES;
				CLANG_WARN_NON_LITERAL_NULL_CONVERSION = YES;
				CLANG_WARN_OBJC_IMPLICIT_RETAIN_SELF = YES;
				CLANG_WARN_OBJC_LITERAL_CONVERSION = YES;
				CLANG_WARN_OBJC_ROOT_CLASS = YES_ERROR;
				CLANG_WARN_RANGE_LOOP_ANALYSIS = YES;
				CLANG_WARN_STRICT_PROTOTYPES = YES;
				CLANG_WARN_SUSPICIOUS_MOVE = YES;
				CLANG_WARN_UNGUARDED_AVAILABILITY = YES_AGGRESSIVE;
				CLANG_WARN_UNREACHABLE_CODE = YES;
				CLANG_WARN__DUPLICATE_METHOD_MATCH = YES;
				COPY_PHASE_STRIP = NO;
				DEBUG_INFORMATION_FORMAT = dwarf;
				ENABLE_STRICT_OBJC_MSGSEND = YES;
				ENABLE_TESTABILITY = YES;
				GCC_C_LANGUAGE_STANDARD = gnu11;
				GCC_DYNAMIC_NO_PIC = NO;
				GCC_NO_COMMON_BLOCKS = YES;
				GCC_OPTIMIZATION_LEVEL = 0;
				GCC_PREPROCESSOR_DEFINITIONS = (
					"DEBUG=1",
					"$(inherited)",
				);
				GCC_WARN_64_TO_32_BIT_CONVERSION = YES;
				GCC_WARN_ABOUT_RETURN_TYPE = YES_ERROR;
				GCC_WARN_UNDECLARED_SELECTOR = YES;
				GCC_WARN_UNINITIALIZED_AUTOS = YES_AGGRESSIVE;
				GCC_WARN_UNUSED_FUNCTION = YES;
				GCC_WARN_UNUSED_VARIABLE = YES;
				IPHONEOS_DEPLOYMENT_TARGET = 13.6;
				MTL_ENABLE_DEBUG_INFO = INCLUDE_SOURCE;
				MTL_FAST_MATH = YES;
				ONLY_ACTIVE_ARCH = YES;
				SDKROOT = iphoneos;
				SWIFT_ACTIVE_COMPILATION_CONDITIONS = DEBUG;
				SWIFT_OPTIMIZATION_LEVEL = "-Onone";
			};
			name = Debug;
		};
		18A48AAA25E64DF3006F3097 /* Release */ = {
			isa = XCBuildConfiguration;
			buildSettings = {
				ALWAYS_SEARCH_USER_PATHS = NO;
				CLANG_ANALYZER_NONNULL = YES;
				CLANG_ANALYZER_NUMBER_OBJECT_CONVERSION = YES_AGGRESSIVE;
				CLANG_CXX_LANGUAGE_STANDARD = "gnu++14";
				CLANG_CXX_LIBRARY = "libc++";
				CLANG_ENABLE_MODULES = YES;
				CLANG_ENABLE_OBJC_ARC = YES;
				CLANG_ENABLE_OBJC_WEAK = YES;
				CLANG_WARN_BLOCK_CAPTURE_AUTORELEASING = YES;
				CLANG_WARN_BOOL_CONVERSION = YES;
				CLANG_WARN_COMMA = YES;
				CLANG_WARN_CONSTANT_CONVERSION = YES;
				CLANG_WARN_DEPRECATED_OBJC_IMPLEMENTATIONS = YES;
				CLANG_WARN_DIRECT_OBJC_ISA_USAGE = YES_ERROR;
				CLANG_WARN_DOCUMENTATION_COMMENTS = YES;
				CLANG_WARN_EMPTY_BODY = YES;
				CLANG_WARN_ENUM_CONVERSION = YES;
				CLANG_WARN_INFINITE_RECURSION = YES;
				CLANG_WARN_INT_CONVERSION = YES;
				CLANG_WARN_NON_LITERAL_NULL_CONVERSION = YES;
				CLANG_WARN_OBJC_IMPLICIT_RETAIN_SELF = YES;
				CLANG_WARN_OBJC_LITERAL_CONVERSION = YES;
				CLANG_WARN_OBJC_ROOT_CLASS = YES_ERROR;
				CLANG_WARN_RANGE_LOOP_ANALYSIS = YES;
				CLANG_WARN_STRICT_PROTOTYPES = YES;
				CLANG_WARN_SUSPICIOUS_MOVE = YES;
				CLANG_WARN_UNGUARDED_AVAILABILITY = YES_AGGRESSIVE;
				CLANG_WARN_UNREACHABLE_CODE = YES;
				CLANG_WARN__DUPLICATE_METHOD_MATCH = YES;
				COPY_PHASE_STRIP = NO;
				DEBUG_INFORMATION_FORMAT = "dwarf-with-dsym";
				ENABLE_NS_ASSERTIONS = NO;
				ENABLE_STRICT_OBJC_MSGSEND = YES;
				GCC_C_LANGUAGE_STANDARD = gnu11;
				GCC_NO_COMMON_BLOCKS = YES;
				GCC_WARN_64_TO_32_BIT_CONVERSION = YES;
				GCC_WARN_ABOUT_RETURN_TYPE = YES_ERROR;
				GCC_WARN_UNDECLARED_SELECTOR = YES;
				GCC_WARN_UNINITIALIZED_AUTOS = YES_AGGRESSIVE;
				GCC_WARN_UNUSED_FUNCTION = YES;
				GCC_WARN_UNUSED_VARIABLE = YES;
				IPHONEOS_DEPLOYMENT_TARGET = 13.6;
				MTL_ENABLE_DEBUG_INFO = NO;
				MTL_FAST_MATH = YES;
				SDKROOT = iphoneos;
				SWIFT_COMPILATION_MODE = wholemodule;
				SWIFT_OPTIMIZATION_LEVEL = "-O";
				VALIDATE_PRODUCT = YES;
			};
			name = Release;
		};
		18A48AAC25E64DF3006F3097 /* Debug */ = {
			isa = XCBuildConfiguration;
			buildSettings = {
				ASSETCATALOG_COMPILER_APPICON_NAME = AppIcon;
				CODE_SIGN_STYLE = Automatic;
				INFOPLIST_FILE = Finance/Info.plist;
				LD_RUNPATH_SEARCH_PATHS = (
					"$(inherited)",
					"@executable_path/Frameworks",
				);
				PRODUCT_BUNDLE_IDENTIFIER = Ammar.Finance;
				PRODUCT_NAME = "$(TARGET_NAME)";
				SWIFT_VERSION = 5.0;
				TARGETED_DEVICE_FAMILY = "1,2";
			};
			name = Debug;
		};
		18A48AAD25E64DF3006F3097 /* Release */ = {
			isa = XCBuildConfiguration;
			buildSettings = {
				ASSETCATALOG_COMPILER_APPICON_NAME = AppIcon;
				CODE_SIGN_STYLE = Automatic;
				INFOPLIST_FILE = Finance/Info.plist;
				LD_RUNPATH_SEARCH_PATHS = (
					"$(inherited)",
					"@executable_path/Frameworks",
				);
				PRODUCT_BUNDLE_IDENTIFIER = Ammar.Finance;
				PRODUCT_NAME = "$(TARGET_NAME)";
				SWIFT_VERSION = 5.0;
				TARGETED_DEVICE_FAMILY = "1,2";
			};
			name = Release;
		};
		18A48AAF25E64DF3006F3097 /* Debug */ = {
			isa = XCBuildConfiguration;
			buildSettings = {
				ALWAYS_EMBED_SWIFT_STANDARD_LIBRARIES = YES;
				BUNDLE_LOADER = "$(TEST_HOST)";
				CODE_SIGN_STYLE = Automatic;
				INFOPLIST_FILE = FinanceTests/Info.plist;
				IPHONEOS_DEPLOYMENT_TARGET = 13.6;
				LD_RUNPATH_SEARCH_PATHS = (
					"$(inherited)",
					"@executable_path/Frameworks",
					"@loader_path/Frameworks",
				);
				PRODUCT_BUNDLE_IDENTIFIER = Ammar.FinanceTests;
				PRODUCT_NAME = "$(TARGET_NAME)";
				SWIFT_VERSION = 5.0;
				TARGETED_DEVICE_FAMILY = "1,2";
				TEST_HOST = "$(BUILT_PRODUCTS_DIR)/Finance.app/Finance";
			};
			name = Debug;
		};
		18A48AB025E64DF3006F3097 /* Release */ = {
			isa = XCBuildConfiguration;
			buildSettings = {
				ALWAYS_EMBED_SWIFT_STANDARD_LIBRARIES = YES;
				BUNDLE_LOADER = "$(TEST_HOST)";
				CODE_SIGN_STYLE = Automatic;
				INFOPLIST_FILE = FinanceTests/Info.plist;
				IPHONEOS_DEPLOYMENT_TARGET = 13.6;
				LD_RUNPATH_SEARCH_PATHS = (
					"$(inherited)",
					"@executable_path/Frameworks",
					"@loader_path/Frameworks",
				);
				PRODUCT_BUNDLE_IDENTIFIER = Ammar.FinanceTests;
				PRODUCT_NAME = "$(TARGET_NAME)";
				SWIFT_VERSION = 5.0;
				TARGETED_DEVICE_FAMILY = "1,2";
				TEST_HOST = "$(BUILT_PRODUCTS_DIR)/Finance.app/Finance";
			};
			name = Release;
		};
		18A48AB225E64DF3006F3097 /* Debug */ = {
			isa = XCBuildConfiguration;
			buildSettings = {
				ALWAYS_EMBED_SWIFT_STANDARD_LIBRARIES = YES;
				CODE_SIGN_STYLE = Automatic;
				INFOPLIST_FILE = FinanceUITests/Info.plist;
				LD_RUNPATH_SEARCH_PATHS = (
					"$(inherited)",
					"@executable_path/Frameworks",
					"@loader_path/Frameworks",
				);
				PRODUCT_BUNDLE_IDENTIFIER = Ammar.FinanceUITests;
				PRODUCT_NAME = "$(TARGET_NAME)";
				SWIFT_VERSION = 5.0;
				TARGETED_DEVICE_FAMILY = "1,2";
				TEST_TARGET_NAME = Finance;
			};
			name = Debug;
		};
		18A48AB325E64DF3006F3097 /* Release */ = {
			isa = XCBuildConfiguration;
			buildSettings = {
				ALWAYS_EMBED_SWIFT_STANDARD_LIBRARIES = YES;
				CODE_SIGN_STYLE = Automatic;
				INFOPLIST_FILE = FinanceUITests/Info.plist;
				LD_RUNPATH_SEARCH_PATHS = (
					"$(inherited)",
					"@executable_path/Frameworks",
					"@loader_path/Frameworks",
				);
				PRODUCT_BUNDLE_IDENTIFIER = Ammar.FinanceUITests;
				PRODUCT_NAME = "$(TARGET_NAME)";
				SWIFT_VERSION = 5.0;
				TARGETED_DEVICE_FAMILY = "1,2";
				TEST_TARGET_NAME = Finance;
			};
			name = Release;
		};
/* End XCBuildConfiguration section */

/* Begin XCConfigurationList section */
		18A48A7C25E64DEE006F3097 /* Build configuration list for PBXProject "Finance" */ = {
			isa = XCConfigurationList;
			buildConfigurations = (
				18A48AA925E64DF3006F3097 /* Debug */,
				18A48AAA25E64DF3006F3097 /* Release */,
			);
			defaultConfigurationIsVisible = 0;
			defaultConfigurationName = Release;
		};
		18A48AAB25E64DF3006F3097 /* Build configuration list for PBXNativeTarget "Finance" */ = {
			isa = XCConfigurationList;
			buildConfigurations = (
				18A48AAC25E64DF3006F3097 /* Debug */,
				18A48AAD25E64DF3006F3097 /* Release */,
			);
			defaultConfigurationIsVisible = 0;
			defaultConfigurationName = Release;
		};
		18A48AAE25E64DF3006F3097 /* Build configuration list for PBXNativeTarget "FinanceTests" */ = {
			isa = XCConfigurationList;
			buildConfigurations = (
				18A48AAF25E64DF3006F3097 /* Debug */,
				18A48AB025E64DF3006F3097 /* Release */,
			);
			defaultConfigurationIsVisible = 0;
			defaultConfigurationName = Release;
		};
		18A48AB125E64DF3006F3097 /* Build configuration list for PBXNativeTarget "FinanceUITests" */ = {
			isa = XCConfigurationList;
			buildConfigurations = (
				18A48AB225E64DF3006F3097 /* Debug */,
				18A48AB325E64DF3006F3097 /* Release */,
			);
			defaultConfigurationIsVisible = 0;
			defaultConfigurationName = Release;
		};
/* End XCConfigurationList section */
	};
	rootObject = 18A48A7925E64DEE006F3097 /* Project object */;
}
