// !$*UTF8*$!
{
	archiveVersion = 1;
	classes = {
	};
	objectVersion = 51;
	objects = {

/* Begin PBXBuildFile section */
		18076CFA25E74878003B9ABB /* UserPage1ViewController.swift in Sources */ = {isa = PBXBuildFile; fileRef = 18076CF925E74878003B9ABB /* UserPage1ViewController.swift */; };
		18076CFC25E754A9003B9ABB /* UserPage2ViewController.swift in Sources */ = {isa = PBXBuildFile; fileRef = 18076CFB25E754A9003B9ABB /* UserPage2ViewController.swift */; };
		18076CFE25E75979003B9ABB /* UserPage3ViewController.swift in Sources */ = {isa = PBXBuildFile; fileRef = 18076CFD25E75979003B9ABB /* UserPage3ViewController.swift */; };
		18076D0025E77398003B9ABB /* UserPage4ViewController.swift in Sources */ = {isa = PBXBuildFile; fileRef = 18076CFF25E77398003B9ABB /* UserPage4ViewController.swift */; };
		18076D0325E77925003B9ABB /* LogInViewController.swift in Sources */ = {isa = PBXBuildFile; fileRef = 18076D0225E77925003B9ABB /* LogInViewController.swift */; };
		180FC56B260CD0F500DEFBAA /* AllCategoriesCell.swift in Sources */ = {isa = PBXBuildFile; fileRef = 180FC56A260CD0F500DEFBAA /* AllCategoriesCell.swift */; };
		180FC571260CD15F00DEFBAA /* FilterViewController.swift in Sources */ = {isa = PBXBuildFile; fileRef = 180FC570260CD15F00DEFBAA /* FilterViewController.swift */; };
		1811920225F4368C00839599 /* Post2ViewController.swift in Sources */ = {isa = PBXBuildFile; fileRef = 1811920125F4368C00839599 /* Post2ViewController.swift */; };
		1811920725F43CAD00839599 /* Post3ViewController.swift in Sources */ = {isa = PBXBuildFile; fileRef = 1811920625F43CAD00839599 /* Post3ViewController.swift */; };
		1811920C25F453DF00839599 /* Post4ViewController.swift in Sources */ = {isa = PBXBuildFile; fileRef = 1811920B25F453DF00839599 /* Post4ViewController.swift */; };
		1811921125F45D6800839599 /* Post5ViewController.swift in Sources */ = {isa = PBXBuildFile; fileRef = 1811921025F45D6800839599 /* Post5ViewController.swift */; };
		1811921625F45D7400839599 /* Post6ViewController.swift in Sources */ = {isa = PBXBuildFile; fileRef = 1811921525F45D7400839599 /* Post6ViewController.swift */; };
		1811921B25F45D8200839599 /* Post7ViewController.swift in Sources */ = {isa = PBXBuildFile; fileRef = 1811921A25F45D8200839599 /* Post7ViewController.swift */; };
		1811922025F45D9000839599 /* Post8ViewController.swift in Sources */ = {isa = PBXBuildFile; fileRef = 1811921F25F45D9000839599 /* Post8ViewController.swift */; };
		1811922525F4691000839599 /* Post9ViewController.swift in Sources */ = {isa = PBXBuildFile; fileRef = 1811922425F4691000839599 /* Post9ViewController.swift */; };
		1811922A25F4691F00839599 /* Post10ViewController.swift in Sources */ = {isa = PBXBuildFile; fileRef = 1811922925F4691F00839599 /* Post10ViewController.swift */; };
		181C897E2606354B002EE22F /* OnBoardingCollectionViewCell.swift in Sources */ = {isa = PBXBuildFile; fileRef = 181C89742606354A002EE22F /* OnBoardingCollectionViewCell.swift */; };
		181D878025E8B2CF002E116D /* CustomTextfield.swift in Sources */ = {isa = PBXBuildFile; fileRef = 181D877F25E8B2CF002E116D /* CustomTextfield.swift */; };
		181ECFA32600C5A4002FCC9E /* HomePage1ViewController.swift in Sources */ = {isa = PBXBuildFile; fileRef = 181ECFA22600C5A4002FCC9E /* HomePage1ViewController.swift */; };
		18286A7E260DC3D6003C8706 /* CategoriesTableViewCell.swift in Sources */ = {isa = PBXBuildFile; fileRef = 18286A7D260DC3D6003C8706 /* CategoriesTableViewCell.swift */; };
		182D7DF32602177500B06657 /* HomePage.storyboard in Resources */ = {isa = PBXBuildFile; fileRef = 182D7DF22602177500B06657 /* HomePage.storyboard */; };
		18320E4A25F300EA00F104E1 /* Post Application Page.storyboard in Resources */ = {isa = PBXBuildFile; fileRef = 18320E4925F300EA00F104E1 /* Post Application Page.storyboard */; };
		18387E3025E7212F000F67EB /* BasisGrotesquePro-Light.ttf in Resources */ = {isa = PBXBuildFile; fileRef = 18387E2D25E7212E000F67EB /* BasisGrotesquePro-Light.ttf */; };
		18387E3125E7212F000F67EB /* BasisGrotesquePro-Regular.ttf in Resources */ = {isa = PBXBuildFile; fileRef = 18387E2E25E7212F000F67EB /* BasisGrotesquePro-Regular.ttf */; };
		18387E3225E7212F000F67EB /* BasisGrotesquePro-Bold.ttf in Resources */ = {isa = PBXBuildFile; fileRef = 18387E2F25E7212F000F67EB /* BasisGrotesquePro-Bold.ttf */; };
		183AC90C26034B29003D1999 /* HomeBuySellExploreCell.swift in Sources */ = {isa = PBXBuildFile; fileRef = 183AC90A26034B29003D1999 /* HomeBuySellExploreCell.swift */; };
		183AC90D26034B29003D1999 /* HomeBuySellExploreCell.xib in Resources */ = {isa = PBXBuildFile; fileRef = 183AC90B26034B29003D1999 /* HomeBuySellExploreCell.xib */; };
		183AC91326034E76003D1999 /* FeaturedCell.swift in Sources */ = {isa = PBXBuildFile; fileRef = 183AC91126034E76003D1999 /* FeaturedCell.swift */; };
		183AC91426034E76003D1999 /* FeaturedCell.xib in Resources */ = {isa = PBXBuildFile; fileRef = 183AC91226034E76003D1999 /* FeaturedCell.xib */; };
		183AC92E26035897003D1999 /* FeaturedCollectionViewCell.swift in Sources */ = {isa = PBXBuildFile; fileRef = 183AC92C26035897003D1999 /* FeaturedCollectionViewCell.swift */; };
		183AC92F26035897003D1999 /* FeaturedCollectionViewCell.xib in Resources */ = {isa = PBXBuildFile; fileRef = 183AC92D26035897003D1999 /* FeaturedCollectionViewCell.xib */; };
		184BA19725FBDDED0045FCD3 /* ResetCompleteModel.swift in Sources */ = {isa = PBXBuildFile; fileRef = 184BA19625FBDDED0045FCD3 /* ResetCompleteModel.swift */; };
		1852750D25F3B9A40018CD81 /* Post1ViewController.swift in Sources */ = {isa = PBXBuildFile; fileRef = 1852750C25F3B9A40018CD81 /* Post1ViewController.swift */; };
		1860381025FA65D60093BC02 /* NetworkManager.swift in Sources */ = {isa = PBXBuildFile; fileRef = 1860380F25FA65D60093BC02 /* NetworkManager.swift */; };
		1860381525FA65F00093BC02 /* ExtentionNetworManager.swift in Sources */ = {isa = PBXBuildFile; fileRef = 1860381425FA65F00093BC02 /* ExtentionNetworManager.swift */; };
		186F5B4E25FA76D700FB9AA6 /* DealerDetailsModel.swift in Sources */ = {isa = PBXBuildFile; fileRef = 186F5B4D25FA76D700FB9AA6 /* DealerDetailsModel.swift */; };
		186F5B5325FA780B00FB9AA6 /* BuyerDetailModel.swift in Sources */ = {isa = PBXBuildFile; fileRef = 186F5B5225FA780B00FB9AA6 /* BuyerDetailModel.swift */; };
		186F5B5825FA78D600FB9AA6 /* LoginModel.swift in Sources */ = {isa = PBXBuildFile; fileRef = 186F5B5725FA78D600FB9AA6 /* LoginModel.swift */; };
		186F5B5D25FA7D8A00FB9AA6 /* ResetPasswordModel.swift in Sources */ = {isa = PBXBuildFile; fileRef = 186F5B5C25FA7D8A00FB9AA6 /* ResetPasswordModel.swift */; };
		186F5B6A25FA957A00FB9AA6 /* Utilities.swift in Sources */ = {isa = PBXBuildFile; fileRef = 186F5B6925FA957A00FB9AA6 /* Utilities.swift */; };
		1877A9BB260B395200712F91 /* ApplicationDetailTableViewCell.swift in Sources */ = {isa = PBXBuildFile; fileRef = 1877A9BA260B395200712F91 /* ApplicationDetailTableViewCell.swift */; };
		1877A9CF260B53E700712F91 /* PrivateSellerViewController.swift in Sources */ = {isa = PBXBuildFile; fileRef = 1877A9CE260B53E700712F91 /* PrivateSellerViewController.swift */; };
		1877A9D7260B548000712F91 /* ListingsPage.storyboard in Resources */ = {isa = PBXBuildFile; fileRef = 1877A9D6260B548000712F91 /* ListingsPage.storyboard */; };
		1877A9E0260B60ED00712F91 /* CarNamesCollectionViewCell.swift in Sources */ = {isa = PBXBuildFile; fileRef = 1877A9DF260B60ED00712F91 /* CarNamesCollectionViewCell.swift */; };
		1877A9E8260B74AB00712F91 /* CarDetailCollectionViewCell.swift in Sources */ = {isa = PBXBuildFile; fileRef = 1877A9E7260B74AB00712F91 /* CarDetailCollectionViewCell.swift */; };
		187B405525ED4AA3003EC979 /* Dealer6ViewController.swift in Sources */ = {isa = PBXBuildFile; fileRef = 187B405425ED4AA3003EC979 /* Dealer6ViewController.swift */; };
		187B405725ED5153003EC979 /* Dealer7ViewController.swift in Sources */ = {isa = PBXBuildFile; fileRef = 187B405625ED5152003EC979 /* Dealer7ViewController.swift */; };
		187B405925ED5829003EC979 /* Dealer8ViewController.swift in Sources */ = {isa = PBXBuildFile; fileRef = 187B405825ED5829003EC979 /* Dealer8ViewController.swift */; };
		1885D73E26039CAE0093B60E /* SearchByTypeTableViewCell.swift in Sources */ = {isa = PBXBuildFile; fileRef = 1885D73C26039CAE0093B60E /* SearchByTypeTableViewCell.swift */; };
		1885D73F26039CAE0093B60E /* SearchByTypeTableViewCell.xib in Resources */ = {isa = PBXBuildFile; fileRef = 1885D73D26039CAE0093B60E /* SearchByTypeTableViewCell.xib */; };
		1885D7562603A0780093B60E /* SearchByTypeCollectionViewCell.swift in Sources */ = {isa = PBXBuildFile; fileRef = 1885D7542603A0780093B60E /* SearchByTypeCollectionViewCell.swift */; };
		1885D7572603A0780093B60E /* SearchByTypeCollectionViewCell.xib in Resources */ = {isa = PBXBuildFile; fileRef = 1885D7552603A0780093B60E /* SearchByTypeCollectionViewCell.xib */; };
		189CA4D825F99F9A007EAAF4 /* Post10TableViewCell.swift in Sources */ = {isa = PBXBuildFile; fileRef = 189CA4D725F99F9A007EAAF4 /* Post10TableViewCell.swift */; };
		18A0426F25ECFBC9001B09F2 /* Dealer1ViewController.swift in Sources */ = {isa = PBXBuildFile; fileRef = 18A0426E25ECFBC9001B09F2 /* Dealer1ViewController.swift */; };
		18A0427125ECFEFA001B09F2 /* Dealer2ViewController.swift in Sources */ = {isa = PBXBuildFile; fileRef = 18A0427025ECFEFA001B09F2 /* Dealer2ViewController.swift */; };
		18A0427325ED1E26001B09F2 /* Dealer3ViewController.swift in Sources */ = {isa = PBXBuildFile; fileRef = 18A0427225ED1E26001B09F2 /* Dealer3ViewController.swift */; };
		18A0427525ED2589001B09F2 /* Dealer4ViewController.swift in Sources */ = {isa = PBXBuildFile; fileRef = 18A0427425ED2589001B09F2 /* Dealer4ViewController.swift */; };
		18A0427725ED31DC001B09F2 /* Dealer5ViewController.swift in Sources */ = {isa = PBXBuildFile; fileRef = 18A0427625ED31DC001B09F2 /* Dealer5ViewController.swift */; };
		18A48A8525E64DEE006F3097 /* AppDelegate.swift in Sources */ = {isa = PBXBuildFile; fileRef = 18A48A8425E64DEE006F3097 /* AppDelegate.swift */; };
		18A48A8725E64DEE006F3097 /* SceneDelegate.swift in Sources */ = {isa = PBXBuildFile; fileRef = 18A48A8625E64DEE006F3097 /* SceneDelegate.swift */; };
		18A48A8925E64DEE006F3097 /* ViewController.swift in Sources */ = {isa = PBXBuildFile; fileRef = 18A48A8825E64DEE006F3097 /* ViewController.swift */; };
		18A48A8C25E64DEE006F3097 /* Main.storyboard in Resources */ = {isa = PBXBuildFile; fileRef = 18A48A8A25E64DEE006F3097 /* Main.storyboard */; };
		18A48A8E25E64DF3006F3097 /* Assets.xcassets in Resources */ = {isa = PBXBuildFile; fileRef = 18A48A8D25E64DF3006F3097 /* Assets.xcassets */; };
		18A48A9125E64DF3006F3097 /* LaunchScreen.storyboard in Resources */ = {isa = PBXBuildFile; fileRef = 18A48A8F25E64DF3006F3097 /* LaunchScreen.storyboard */; };
		18A48A9C25E64DF3006F3097 /* FinanceTests.swift in Sources */ = {isa = PBXBuildFile; fileRef = 18A48A9B25E64DF3006F3097 /* FinanceTests.swift */; };
		18A48AA725E64DF3006F3097 /* FinanceUITests.swift in Sources */ = {isa = PBXBuildFile; fileRef = 18A48AA625E64DF3006F3097 /* FinanceUITests.swift */; };
		18A54CB425F6806500B96D46 /* Constants.swift in Sources */ = {isa = PBXBuildFile; fileRef = 18A54CB325F6806400B96D46 /* Constants.swift */; };
		18C782CD25E8DDC500813A0D /* Basis Grotesque Pro Medium.ttf in Resources */ = {isa = PBXBuildFile; fileRef = 18C782CC25E8DDC500813A0D /* Basis Grotesque Pro Medium.ttf */; };
		18EDAC5525E939130096AFD4 /* Forgt1ViewController.swift in Sources */ = {isa = PBXBuildFile; fileRef = 18EDAC5425E939130096AFD4 /* Forgt1ViewController.swift */; };
		18EDAC5725E9392F0096AFD4 /* Forgot2ViewController.swift in Sources */ = {isa = PBXBuildFile; fileRef = 18EDAC5625E9392F0096AFD4 /* Forgot2ViewController.swift */; };
		18EDAC5925E939410096AFD4 /* Forgot3ViewController.swift in Sources */ = {isa = PBXBuildFile; fileRef = 18EDAC5825E939410096AFD4 /* Forgot3ViewController.swift */; };
		18EDAC5B25E954130096AFD4 /* OTPTextField.swift in Sources */ = {isa = PBXBuildFile; fileRef = 18EDAC5A25E954130096AFD4 /* OTPTextField.swift */; };
		18FAAA18260886E60041B897 /* NotificationsViewController.swift in Sources */ = {isa = PBXBuildFile; fileRef = 18FAAA17260886E60041B897 /* NotificationsViewController.swift */; };
		18FAAA1D260893F70041B897 /* NotificationCell.swift in Sources */ = {isa = PBXBuildFile; fileRef = 18FAAA1C260893F70041B897 /* NotificationCell.swift */; };
		18FAAA262608A1E00041B897 /* MyApplicationsPageViewController.swift in Sources */ = {isa = PBXBuildFile; fileRef = 18FAAA252608A1E00041B897 /* MyApplicationsPageViewController.swift */; };
		18FAAA2C2608AB860041B897 /* MyApplicationPageTableViewCell.swift in Sources */ = {isa = PBXBuildFile; fileRef = 18FAAA2B2608AB860041B897 /* MyApplicationPageTableViewCell.swift */; };
		18FAAA342608E7FA0041B897 /* MyApplicationDetailViewController.swift in Sources */ = {isa = PBXBuildFile; fileRef = 18FAAA332608E7FA0041B897 /* MyApplicationDetailViewController.swift */; };
		84016DF54AE835E3836B2F37 /* Pods_Finance_FinanceUITests.framework in Frameworks */ = {isa = PBXBuildFile; fileRef = 4FEC4CA3DF9FE42B555A5C6A /* Pods_Finance_FinanceUITests.framework */; };
		AD6069C412257A6E1FF37A43 /* Pods_FinanceTests.framework in Frameworks */ = {isa = PBXBuildFile; fileRef = CFE16D1C0C831DD5D523E767 /* Pods_FinanceTests.framework */; };
		E4BB68CD7F530A2B7B7D95BC /* Pods_Finance.framework in Frameworks */ = {isa = PBXBuildFile; fileRef = 99D5FED40E03898177B25AAA /* Pods_Finance.framework */; };
/* End PBXBuildFile section */

/* Begin PBXContainerItemProxy section */
		18A48A9825E64DF3006F3097 /* PBXContainerItemProxy */ = {
			isa = PBXContainerItemProxy;
			containerPortal = 18A48A7925E64DEE006F3097 /* Project object */;
			proxyType = 1;
			remoteGlobalIDString = 18A48A8025E64DEE006F3097;
			remoteInfo = Finance;
		};
		18A48AA325E64DF3006F3097 /* PBXContainerItemProxy */ = {
			isa = PBXContainerItemProxy;
			containerPortal = 18A48A7925E64DEE006F3097 /* Project object */;
			proxyType = 1;
			remoteGlobalIDString = 18A48A8025E64DEE006F3097;
			remoteInfo = Finance;
		};
/* End PBXContainerItemProxy section */

/* Begin PBXFileReference section */
		18076CF925E74878003B9ABB /* UserPage1ViewController.swift */ = {isa = PBXFileReference; lastKnownFileType = sourcecode.swift; path = UserPage1ViewController.swift; sourceTree = "<group>"; };
		18076CFB25E754A9003B9ABB /* UserPage2ViewController.swift */ = {isa = PBXFileReference; lastKnownFileType = sourcecode.swift; path = UserPage2ViewController.swift; sourceTree = "<group>"; };
		18076CFD25E75979003B9ABB /* UserPage3ViewController.swift */ = {isa = PBXFileReference; lastKnownFileType = sourcecode.swift; path = UserPage3ViewController.swift; sourceTree = "<group>"; };
		18076CFF25E77398003B9ABB /* UserPage4ViewController.swift */ = {isa = PBXFileReference; lastKnownFileType = sourcecode.swift; path = UserPage4ViewController.swift; sourceTree = "<group>"; };
		18076D0225E77925003B9ABB /* LogInViewController.swift */ = {isa = PBXFileReference; lastKnownFileType = sourcecode.swift; path = LogInViewController.swift; sourceTree = "<group>"; };
		180FC56A260CD0F500DEFBAA /* AllCategoriesCell.swift */ = {isa = PBXFileReference; lastKnownFileType = sourcecode.swift; path = AllCategoriesCell.swift; sourceTree = "<group>"; };
		180FC570260CD15F00DEFBAA /* FilterViewController.swift */ = {isa = PBXFileReference; lastKnownFileType = sourcecode.swift; path = FilterViewController.swift; sourceTree = "<group>"; };
		1811920125F4368C00839599 /* Post2ViewController.swift */ = {isa = PBXFileReference; lastKnownFileType = sourcecode.swift; path = Post2ViewController.swift; sourceTree = "<group>"; };
		1811920625F43CAD00839599 /* Post3ViewController.swift */ = {isa = PBXFileReference; lastKnownFileType = sourcecode.swift; path = Post3ViewController.swift; sourceTree = "<group>"; };
		1811920B25F453DF00839599 /* Post4ViewController.swift */ = {isa = PBXFileReference; lastKnownFileType = sourcecode.swift; path = Post4ViewController.swift; sourceTree = "<group>"; };
		1811921025F45D6800839599 /* Post5ViewController.swift */ = {isa = PBXFileReference; lastKnownFileType = sourcecode.swift; path = Post5ViewController.swift; sourceTree = "<group>"; };
		1811921525F45D7400839599 /* Post6ViewController.swift */ = {isa = PBXFileReference; lastKnownFileType = sourcecode.swift; path = Post6ViewController.swift; sourceTree = "<group>"; };
		1811921A25F45D8200839599 /* Post7ViewController.swift */ = {isa = PBXFileReference; lastKnownFileType = sourcecode.swift; path = Post7ViewController.swift; sourceTree = "<group>"; };
		1811921F25F45D9000839599 /* Post8ViewController.swift */ = {isa = PBXFileReference; lastKnownFileType = sourcecode.swift; path = Post8ViewController.swift; sourceTree = "<group>"; };
		1811922425F4691000839599 /* Post9ViewController.swift */ = {isa = PBXFileReference; lastKnownFileType = sourcecode.swift; path = Post9ViewController.swift; sourceTree = "<group>"; };
		1811922925F4691F00839599 /* Post10ViewController.swift */ = {isa = PBXFileReference; lastKnownFileType = sourcecode.swift; path = Post10ViewController.swift; sourceTree = "<group>"; };
		181C89742606354A002EE22F /* OnBoardingCollectionViewCell.swift */ = {isa = PBXFileReference; fileEncoding = 4; lastKnownFileType = sourcecode.swift; path = OnBoardingCollectionViewCell.swift; sourceTree = "<group>"; };
		181D877F25E8B2CF002E116D /* CustomTextfield.swift */ = {isa = PBXFileReference; lastKnownFileType = sourcecode.swift; path = CustomTextfield.swift; sourceTree = "<group>"; };
		181ECFA22600C5A4002FCC9E /* HomePage1ViewController.swift */ = {isa = PBXFileReference; lastKnownFileType = sourcecode.swift; path = HomePage1ViewController.swift; sourceTree = "<group>"; };
		18286A7D260DC3D6003C8706 /* CategoriesTableViewCell.swift */ = {isa = PBXFileReference; lastKnownFileType = sourcecode.swift; path = CategoriesTableViewCell.swift; sourceTree = "<group>"; };
		182D7DF22602177500B06657 /* HomePage.storyboard */ = {isa = PBXFileReference; lastKnownFileType = file.storyboard; path = HomePage.storyboard; sourceTree = "<group>"; };
		18320E4925F300EA00F104E1 /* Post Application Page.storyboard */ = {isa = PBXFileReference; lastKnownFileType = file.storyboard; path = "Post Application Page.storyboard"; sourceTree = "<group>"; };
		18387E2D25E7212E000F67EB /* BasisGrotesquePro-Light.ttf */ = {isa = PBXFileReference; lastKnownFileType = file; path = "BasisGrotesquePro-Light.ttf"; sourceTree = "<group>"; };
		18387E2E25E7212F000F67EB /* BasisGrotesquePro-Regular.ttf */ = {isa = PBXFileReference; lastKnownFileType = file; path = "BasisGrotesquePro-Regular.ttf"; sourceTree = "<group>"; };
		18387E2F25E7212F000F67EB /* BasisGrotesquePro-Bold.ttf */ = {isa = PBXFileReference; lastKnownFileType = file; path = "BasisGrotesquePro-Bold.ttf"; sourceTree = "<group>"; };
		183AC90A26034B29003D1999 /* HomeBuySellExploreCell.swift */ = {isa = PBXFileReference; lastKnownFileType = sourcecode.swift; path = HomeBuySellExploreCell.swift; sourceTree = "<group>"; };
		183AC90B26034B29003D1999 /* HomeBuySellExploreCell.xib */ = {isa = PBXFileReference; lastKnownFileType = file.xib; path = HomeBuySellExploreCell.xib; sourceTree = "<group>"; };
		183AC91126034E76003D1999 /* FeaturedCell.swift */ = {isa = PBXFileReference; lastKnownFileType = sourcecode.swift; path = FeaturedCell.swift; sourceTree = "<group>"; };
		183AC91226034E76003D1999 /* FeaturedCell.xib */ = {isa = PBXFileReference; lastKnownFileType = file.xib; path = FeaturedCell.xib; sourceTree = "<group>"; };
		183AC92C26035897003D1999 /* FeaturedCollectionViewCell.swift */ = {isa = PBXFileReference; lastKnownFileType = sourcecode.swift; path = FeaturedCollectionViewCell.swift; sourceTree = "<group>"; };
		183AC92D26035897003D1999 /* FeaturedCollectionViewCell.xib */ = {isa = PBXFileReference; lastKnownFileType = file.xib; path = FeaturedCollectionViewCell.xib; sourceTree = "<group>"; };
		184BA19625FBDDED0045FCD3 /* ResetCompleteModel.swift */ = {isa = PBXFileReference; lastKnownFileType = sourcecode.swift; path = ResetCompleteModel.swift; sourceTree = "<group>"; };
		1852750C25F3B9A40018CD81 /* Post1ViewController.swift */ = {isa = PBXFileReference; lastKnownFileType = sourcecode.swift; path = Post1ViewController.swift; sourceTree = "<group>"; };
		1860380F25FA65D60093BC02 /* NetworkManager.swift */ = {isa = PBXFileReference; fileEncoding = 4; lastKnownFileType = sourcecode.swift; path = NetworkManager.swift; sourceTree = "<group>"; };
		1860381425FA65F00093BC02 /* ExtentionNetworManager.swift */ = {isa = PBXFileReference; fileEncoding = 4; lastKnownFileType = sourcecode.swift; path = ExtentionNetworManager.swift; sourceTree = "<group>"; };
		186F5B4D25FA76D700FB9AA6 /* DealerDetailsModel.swift */ = {isa = PBXFileReference; lastKnownFileType = sourcecode.swift; path = DealerDetailsModel.swift; sourceTree = "<group>"; };
		186F5B5225FA780B00FB9AA6 /* BuyerDetailModel.swift */ = {isa = PBXFileReference; lastKnownFileType = sourcecode.swift; path = BuyerDetailModel.swift; sourceTree = "<group>"; };
		186F5B5725FA78D600FB9AA6 /* LoginModel.swift */ = {isa = PBXFileReference; lastKnownFileType = sourcecode.swift; path = LoginModel.swift; sourceTree = "<group>"; };
		186F5B5C25FA7D8A00FB9AA6 /* ResetPasswordModel.swift */ = {isa = PBXFileReference; lastKnownFileType = sourcecode.swift; path = ResetPasswordModel.swift; sourceTree = "<group>"; };
		186F5B6925FA957A00FB9AA6 /* Utilities.swift */ = {isa = PBXFileReference; lastKnownFileType = sourcecode.swift; path = Utilities.swift; sourceTree = "<group>"; };
		1877A9BA260B395200712F91 /* ApplicationDetailTableViewCell.swift */ = {isa = PBXFileReference; lastKnownFileType = sourcecode.swift; path = ApplicationDetailTableViewCell.swift; sourceTree = "<group>"; };
		1877A9CE260B53E700712F91 /* PrivateSellerViewController.swift */ = {isa = PBXFileReference; lastKnownFileType = sourcecode.swift; path = PrivateSellerViewController.swift; sourceTree = "<group>"; };
		1877A9D6260B548000712F91 /* ListingsPage.storyboard */ = {isa = PBXFileReference; lastKnownFileType = file.storyboard; path = ListingsPage.storyboard; sourceTree = "<group>"; };
		1877A9DF260B60ED00712F91 /* CarNamesCollectionViewCell.swift */ = {isa = PBXFileReference; lastKnownFileType = sourcecode.swift; path = CarNamesCollectionViewCell.swift; sourceTree = "<group>"; };
		1877A9E7260B74AB00712F91 /* CarDetailCollectionViewCell.swift */ = {isa = PBXFileReference; lastKnownFileType = sourcecode.swift; path = CarDetailCollectionViewCell.swift; sourceTree = "<group>"; };
		187B405425ED4AA3003EC979 /* Dealer6ViewController.swift */ = {isa = PBXFileReference; lastKnownFileType = sourcecode.swift; path = Dealer6ViewController.swift; sourceTree = "<group>"; };
		187B405625ED5152003EC979 /* Dealer7ViewController.swift */ = {isa = PBXFileReference; lastKnownFileType = sourcecode.swift; path = Dealer7ViewController.swift; sourceTree = "<group>"; };
		187B405825ED5829003EC979 /* Dealer8ViewController.swift */ = {isa = PBXFileReference; lastKnownFileType = sourcecode.swift; path = Dealer8ViewController.swift; sourceTree = "<group>"; };
		1885D73C26039CAE0093B60E /* SearchByTypeTableViewCell.swift */ = {isa = PBXFileReference; lastKnownFileType = sourcecode.swift; path = SearchByTypeTableViewCell.swift; sourceTree = "<group>"; };
		1885D73D26039CAE0093B60E /* SearchByTypeTableViewCell.xib */ = {isa = PBXFileReference; lastKnownFileType = file.xib; path = SearchByTypeTableViewCell.xib; sourceTree = "<group>"; };
		1885D7542603A0780093B60E /* SearchByTypeCollectionViewCell.swift */ = {isa = PBXFileReference; lastKnownFileType = sourcecode.swift; path = SearchByTypeCollectionViewCell.swift; sourceTree = "<group>"; };
		1885D7552603A0780093B60E /* SearchByTypeCollectionViewCell.xib */ = {isa = PBXFileReference; lastKnownFileType = file.xib; path = SearchByTypeCollectionViewCell.xib; sourceTree = "<group>"; };
		189CA4D725F99F9A007EAAF4 /* Post10TableViewCell.swift */ = {isa = PBXFileReference; lastKnownFileType = sourcecode.swift; path = Post10TableViewCell.swift; sourceTree = "<group>"; };
		18A0426E25ECFBC9001B09F2 /* Dealer1ViewController.swift */ = {isa = PBXFileReference; lastKnownFileType = sourcecode.swift; path = Dealer1ViewController.swift; sourceTree = "<group>"; };
		18A0427025ECFEFA001B09F2 /* Dealer2ViewController.swift */ = {isa = PBXFileReference; lastKnownFileType = sourcecode.swift; path = Dealer2ViewController.swift; sourceTree = "<group>"; };
		18A0427225ED1E26001B09F2 /* Dealer3ViewController.swift */ = {isa = PBXFileReference; lastKnownFileType = sourcecode.swift; path = Dealer3ViewController.swift; sourceTree = "<group>"; };
		18A0427425ED2589001B09F2 /* Dealer4ViewController.swift */ = {isa = PBXFileReference; lastKnownFileType = sourcecode.swift; path = Dealer4ViewController.swift; sourceTree = "<group>"; };
		18A0427625ED31DC001B09F2 /* Dealer5ViewController.swift */ = {isa = PBXFileReference; lastKnownFileType = sourcecode.swift; path = Dealer5ViewController.swift; sourceTree = "<group>"; };
		18A48A8125E64DEE006F3097 /* Finance.app */ = {isa = PBXFileReference; explicitFileType = wrapper.application; includeInIndex = 0; path = Finance.app; sourceTree = BUILT_PRODUCTS_DIR; };
		18A48A8425E64DEE006F3097 /* AppDelegate.swift */ = {isa = PBXFileReference; lastKnownFileType = sourcecode.swift; path = AppDelegate.swift; sourceTree = "<group>"; };
		18A48A8625E64DEE006F3097 /* SceneDelegate.swift */ = {isa = PBXFileReference; lastKnownFileType = sourcecode.swift; path = SceneDelegate.swift; sourceTree = "<group>"; };
		18A48A8825E64DEE006F3097 /* ViewController.swift */ = {isa = PBXFileReference; lastKnownFileType = sourcecode.swift; path = ViewController.swift; sourceTree = "<group>"; };
		18A48A8B25E64DEE006F3097 /* Base */ = {isa = PBXFileReference; lastKnownFileType = file.storyboard; name = Base; path = Base.lproj/Main.storyboard; sourceTree = "<group>"; };
		18A48A8D25E64DF3006F3097 /* Assets.xcassets */ = {isa = PBXFileReference; lastKnownFileType = folder.assetcatalog; path = Assets.xcassets; sourceTree = "<group>"; };
		18A48A9025E64DF3006F3097 /* Base */ = {isa = PBXFileReference; lastKnownFileType = file.storyboard; name = Base; path = Base.lproj/LaunchScreen.storyboard; sourceTree = "<group>"; };
		18A48A9225E64DF3006F3097 /* Info.plist */ = {isa = PBXFileReference; lastKnownFileType = text.plist.xml; path = Info.plist; sourceTree = "<group>"; };
		18A48A9725E64DF3006F3097 /* FinanceTests.xctest */ = {isa = PBXFileReference; explicitFileType = wrapper.cfbundle; includeInIndex = 0; path = FinanceTests.xctest; sourceTree = BUILT_PRODUCTS_DIR; };
		18A48A9B25E64DF3006F3097 /* FinanceTests.swift */ = {isa = PBXFileReference; lastKnownFileType = sourcecode.swift; path = FinanceTests.swift; sourceTree = "<group>"; };
		18A48A9D25E64DF3006F3097 /* Info.plist */ = {isa = PBXFileReference; lastKnownFileType = text.plist.xml; path = Info.plist; sourceTree = "<group>"; };
		18A48AA225E64DF3006F3097 /* FinanceUITests.xctest */ = {isa = PBXFileReference; explicitFileType = wrapper.cfbundle; includeInIndex = 0; path = FinanceUITests.xctest; sourceTree = BUILT_PRODUCTS_DIR; };
		18A48AA625E64DF3006F3097 /* FinanceUITests.swift */ = {isa = PBXFileReference; lastKnownFileType = sourcecode.swift; path = FinanceUITests.swift; sourceTree = "<group>"; };
		18A48AA825E64DF3006F3097 /* Info.plist */ = {isa = PBXFileReference; lastKnownFileType = text.plist.xml; path = Info.plist; sourceTree = "<group>"; };
		18A54CB325F6806400B96D46 /* Constants.swift */ = {isa = PBXFileReference; lastKnownFileType = sourcecode.swift; path = Constants.swift; sourceTree = "<group>"; };
		18C782CC25E8DDC500813A0D /* Basis Grotesque Pro Medium.ttf */ = {isa = PBXFileReference; lastKnownFileType = file; path = "Basis Grotesque Pro Medium.ttf"; sourceTree = "<group>"; };
		18EDAC5425E939130096AFD4 /* Forgt1ViewController.swift */ = {isa = PBXFileReference; lastKnownFileType = sourcecode.swift; path = Forgt1ViewController.swift; sourceTree = "<group>"; };
		18EDAC5625E9392F0096AFD4 /* Forgot2ViewController.swift */ = {isa = PBXFileReference; lastKnownFileType = sourcecode.swift; path = Forgot2ViewController.swift; sourceTree = "<group>"; };
		18EDAC5825E939410096AFD4 /* Forgot3ViewController.swift */ = {isa = PBXFileReference; lastKnownFileType = sourcecode.swift; path = Forgot3ViewController.swift; sourceTree = "<group>"; };
		18EDAC5A25E954130096AFD4 /* OTPTextField.swift */ = {isa = PBXFileReference; lastKnownFileType = sourcecode.swift; path = OTPTextField.swift; sourceTree = "<group>"; };
		18FAAA17260886E60041B897 /* NotificationsViewController.swift */ = {isa = PBXFileReference; lastKnownFileType = sourcecode.swift; path = NotificationsViewController.swift; sourceTree = "<group>"; };
		18FAAA1C260893F70041B897 /* NotificationCell.swift */ = {isa = PBXFileReference; lastKnownFileType = sourcecode.swift; path = NotificationCell.swift; sourceTree = "<group>"; };
		18FAAA252608A1E00041B897 /* MyApplicationsPageViewController.swift */ = {isa = PBXFileReference; lastKnownFileType = sourcecode.swift; path = MyApplicationsPageViewController.swift; sourceTree = "<group>"; };
		18FAAA2B2608AB860041B897 /* MyApplicationPageTableViewCell.swift */ = {isa = PBXFileReference; lastKnownFileType = sourcecode.swift; path = MyApplicationPageTableViewCell.swift; sourceTree = "<group>"; };
		18FAAA332608E7FA0041B897 /* MyApplicationDetailViewController.swift */ = {isa = PBXFileReference; lastKnownFileType = sourcecode.swift; path = MyApplicationDetailViewController.swift; sourceTree = "<group>"; };
		4FB5B725CB10DCE2BCAE0255 /* Pods-Finance.release.xcconfig */ = {isa = PBXFileReference; includeInIndex = 1; lastKnownFileType = text.xcconfig; name = "Pods-Finance.release.xcconfig"; path = "Target Support Files/Pods-Finance/Pods-Finance.release.xcconfig"; sourceTree = "<group>"; };
		4FEC4CA3DF9FE42B555A5C6A /* Pods_Finance_FinanceUITests.framework */ = {isa = PBXFileReference; explicitFileType = wrapper.framework; includeInIndex = 0; path = Pods_Finance_FinanceUITests.framework; sourceTree = BUILT_PRODUCTS_DIR; };
		5AB906258C6EF57CD32DE260 /* Pods-Finance-FinanceUITests.debug.xcconfig */ = {isa = PBXFileReference; includeInIndex = 1; lastKnownFileType = text.xcconfig; name = "Pods-Finance-FinanceUITests.debug.xcconfig"; path = "Target Support Files/Pods-Finance-FinanceUITests/Pods-Finance-FinanceUITests.debug.xcconfig"; sourceTree = "<group>"; };
		71B0452AE243E799AE6FEB75 /* Pods-Finance-FinanceUITests.release.xcconfig */ = {isa = PBXFileReference; includeInIndex = 1; lastKnownFileType = text.xcconfig; name = "Pods-Finance-FinanceUITests.release.xcconfig"; path = "Target Support Files/Pods-Finance-FinanceUITests/Pods-Finance-FinanceUITests.release.xcconfig"; sourceTree = "<group>"; };
		99D5FED40E03898177B25AAA /* Pods_Finance.framework */ = {isa = PBXFileReference; explicitFileType = wrapper.framework; includeInIndex = 0; path = Pods_Finance.framework; sourceTree = BUILT_PRODUCTS_DIR; };
		A75FD106DD58B39A1B3325A4 /* Pods-FinanceTests.release.xcconfig */ = {isa = PBXFileReference; includeInIndex = 1; lastKnownFileType = text.xcconfig; name = "Pods-FinanceTests.release.xcconfig"; path = "Target Support Files/Pods-FinanceTests/Pods-FinanceTests.release.xcconfig"; sourceTree = "<group>"; };
		B14CC5BFC760AAC23408007C /* Pods-FinanceTests.debug.xcconfig */ = {isa = PBXFileReference; includeInIndex = 1; lastKnownFileType = text.xcconfig; name = "Pods-FinanceTests.debug.xcconfig"; path = "Target Support Files/Pods-FinanceTests/Pods-FinanceTests.debug.xcconfig"; sourceTree = "<group>"; };
		CFE16D1C0C831DD5D523E767 /* Pods_FinanceTests.framework */ = {isa = PBXFileReference; explicitFileType = wrapper.framework; includeInIndex = 0; path = Pods_FinanceTests.framework; sourceTree = BUILT_PRODUCTS_DIR; };
		E8AEAA048628E52F6ECD8CAE /* Pods-Finance.debug.xcconfig */ = {isa = PBXFileReference; includeInIndex = 1; lastKnownFileType = text.xcconfig; name = "Pods-Finance.debug.xcconfig"; path = "Target Support Files/Pods-Finance/Pods-Finance.debug.xcconfig"; sourceTree = "<group>"; };
/* End PBXFileReference section */

/* Begin PBXFrameworksBuildPhase section */
		18A48A7E25E64DEE006F3097 /* Frameworks */ = {
			isa = PBXFrameworksBuildPhase;
			buildActionMask = 2147483647;
			files = (
				E4BB68CD7F530A2B7B7D95BC /* Pods_Finance.framework in Frameworks */,
			);
			runOnlyForDeploymentPostprocessing = 0;
		};
		18A48A9425E64DF3006F3097 /* Frameworks */ = {
			isa = PBXFrameworksBuildPhase;
			buildActionMask = 2147483647;
			files = (
				AD6069C412257A6E1FF37A43 /* Pods_FinanceTests.framework in Frameworks */,
			);
			runOnlyForDeploymentPostprocessing = 0;
		};
		18A48A9F25E64DF3006F3097 /* Frameworks */ = {
			isa = PBXFrameworksBuildPhase;
			buildActionMask = 2147483647;
			files = (
				84016DF54AE835E3836B2F37 /* Pods_Finance_FinanceUITests.framework in Frameworks */,
			);
			runOnlyForDeploymentPostprocessing = 0;
		};
/* End PBXFrameworksBuildPhase section */

/* Begin PBXGroup section */
		18076CF825E747F8003B9ABB /* Registration */ = {
			isa = PBXGroup;
			children = (
				18076CF925E74878003B9ABB /* UserPage1ViewController.swift */,
				18076CFB25E754A9003B9ABB /* UserPage2ViewController.swift */,
				18076CFD25E75979003B9ABB /* UserPage3ViewController.swift */,
				18076CFF25E77398003B9ABB /* UserPage4ViewController.swift */,
			);
			path = Registration;
			sourceTree = "<group>";
		};
		18076D0125E77908003B9ABB /* Log In */ = {
			isa = PBXGroup;
			children = (
				18076D0225E77925003B9ABB /* LogInViewController.swift */,
			);
			path = "Log In";
			sourceTree = "<group>";
		};
		180FC56F260CD11D00DEFBAA /* AllCategoriesCell */ = {
			isa = PBXGroup;
			children = (
				180FC56A260CD0F500DEFBAA /* AllCategoriesCell.swift */,
			);
			path = AllCategoriesCell;
			sourceTree = "<group>";
		};
		181C89732606354A002EE22F /* OnBoardingCell */ = {
			isa = PBXGroup;
			children = (
				181C89742606354A002EE22F /* OnBoardingCollectionViewCell.swift */,
			);
			path = OnBoardingCell;
			sourceTree = "<group>";
		};
		181ECFA12600C57D002FCC9E /* Home Page */ = {
			isa = PBXGroup;
			children = (
				183AC90826034AB3003D1999 /* TableViewCell */,
				183AC92326035856003D1999 /* CollectionView */,
				183AC91F260355E1003D1999 /* HomePageViewControllers */,
				182D7DF22602177500B06657 /* HomePage.storyboard */,
			);
			path = "Home Page";
			sourceTree = "<group>";
		};
		18286A7C260DC3B2003C8706 /* CategoriesCell */ = {
			isa = PBXGroup;
			children = (
				18286A7D260DC3D6003C8706 /* CategoriesTableViewCell.swift */,
			);
			path = CategoriesCell;
			sourceTree = "<group>";
		};
		18387E2A25E71E7D000F67EB /* Fonts */ = {
			isa = PBXGroup;
			children = (
				18387E2F25E7212F000F67EB /* BasisGrotesquePro-Bold.ttf */,
				18387E2D25E7212E000F67EB /* BasisGrotesquePro-Light.ttf */,
				18387E2E25E7212F000F67EB /* BasisGrotesquePro-Regular.ttf */,
				18C782CC25E8DDC500813A0D /* Basis Grotesque Pro Medium.ttf */,
			);
			path = Fonts;
			sourceTree = "<group>";
		};
		183AC90826034AB3003D1999 /* TableViewCell */ = {
			isa = PBXGroup;
			children = (
				18286A7C260DC3B2003C8706 /* CategoriesCell */,
				180FC56F260CD11D00DEFBAA /* AllCategoriesCell */,
				1877A9B9260B391500712F91 /* ApplicatonDetailCell */,
				18FAAA2A2608AB4A0041B897 /* MyApplicationPageCell */,
				18FAAA212608940E0041B897 /* Notification Cell */,
				183AC90926034ABC003D1999 /* HomeBuySellExploreCell */,
				1885D73B260397640093B60E /* SearchByTypeCell */,
				183AC91826035422003D1999 /* HomeFeaturedCell */,
			);
			path = TableViewCell;
			sourceTree = "<group>";
		};
		183AC90926034ABC003D1999 /* HomeBuySellExploreCell */ = {
			isa = PBXGroup;
			children = (
				183AC90A26034B29003D1999 /* HomeBuySellExploreCell.swift */,
				183AC90B26034B29003D1999 /* HomeBuySellExploreCell.xib */,
			);
			path = HomeBuySellExploreCell;
			sourceTree = "<group>";
		};
		183AC91826035422003D1999 /* HomeFeaturedCell */ = {
			isa = PBXGroup;
			children = (
				183AC91126034E76003D1999 /* FeaturedCell.swift */,
				183AC91226034E76003D1999 /* FeaturedCell.xib */,
			);
			path = HomeFeaturedCell;
			sourceTree = "<group>";
		};
		183AC91F260355E1003D1999 /* HomePageViewControllers */ = {
			isa = PBXGroup;
			children = (
				181ECFA22600C5A4002FCC9E /* HomePage1ViewController.swift */,
				18FAAA17260886E60041B897 /* NotificationsViewController.swift */,
				18FAAA252608A1E00041B897 /* MyApplicationsPageViewController.swift */,
				18FAAA332608E7FA0041B897 /* MyApplicationDetailViewController.swift */,
				180FC570260CD15F00DEFBAA /* FilterViewController.swift */,
			);
			path = HomePageViewControllers;
			sourceTree = "<group>";
		};
		183AC92326035856003D1999 /* CollectionView */ = {
			isa = PBXGroup;
			children = (
				181C89732606354A002EE22F /* OnBoardingCell */,
				1885D75C2603A2330093B60E /* FeaturedCell */,
				1885D75B2603A20C0093B60E /* SearchByTypeCell */,
			);
			path = CollectionView;
			sourceTree = "<group>";
		};
		183F88E225E7115E00EFD168 /* ViewControllers */ = {
			isa = PBXGroup;
			children = (
				1877A9CD260B53B900712F91 /* Listings Page */,
				1852750B25F3B9760018CD81 /* Post Application Page */,
				183F88E325E7117E00EFD168 /* OnBoarding */,
				18076CF825E747F8003B9ABB /* Registration */,
				18076D0125E77908003B9ABB /* Log In */,
				18EDAC5325E938E20096AFD4 /* Forgot Password */,
				18A0426D25ECFB9C001B09F2 /* Dealer Registration */,
			);
			path = ViewControllers;
			sourceTree = "<group>";
		};
		183F88E325E7117E00EFD168 /* OnBoarding */ = {
			isa = PBXGroup;
			children = (
				18A48A8825E64DEE006F3097 /* ViewController.swift */,
			);
			path = OnBoarding;
			sourceTree = "<group>";
		};
		1852750B25F3B9760018CD81 /* Post Application Page */ = {
			isa = PBXGroup;
			children = (
				18320E4925F300EA00F104E1 /* Post Application Page.storyboard */,
				1852750C25F3B9A40018CD81 /* Post1ViewController.swift */,
				1811920125F4368C00839599 /* Post2ViewController.swift */,
				1811920625F43CAD00839599 /* Post3ViewController.swift */,
				1811920B25F453DF00839599 /* Post4ViewController.swift */,
				1811921025F45D6800839599 /* Post5ViewController.swift */,
				1811921525F45D7400839599 /* Post6ViewController.swift */,
				1811921A25F45D8200839599 /* Post7ViewController.swift */,
				1811921F25F45D9000839599 /* Post8ViewController.swift */,
				1811922425F4691000839599 /* Post9ViewController.swift */,
				1811922925F4691F00839599 /* Post10ViewController.swift */,
				189CA4CB25F99F48007EAAF4 /* TableViewCell */,
			);
			path = "Post Application Page";
			sourceTree = "<group>";
		};
		1860380A25FA5F130093BC02 /* Model */ = {
			isa = PBXGroup;
			children = (
				186F5B4D25FA76D700FB9AA6 /* DealerDetailsModel.swift */,
				186F5B5225FA780B00FB9AA6 /* BuyerDetailModel.swift */,
				186F5B5725FA78D600FB9AA6 /* LoginModel.swift */,
				186F5B5C25FA7D8A00FB9AA6 /* ResetPasswordModel.swift */,
				184BA19625FBDDED0045FCD3 /* ResetCompleteModel.swift */,
			);
			path = Model;
			sourceTree = "<group>";
		};
		1860380E25FA65510093BC02 /* Manager */ = {
			isa = PBXGroup;
			children = (
				1860380F25FA65D60093BC02 /* NetworkManager.swift */,
				1860381425FA65F00093BC02 /* ExtentionNetworManager.swift */,
			);
			path = Manager;
			sourceTree = "<group>";
		};
		1877A9B9260B391500712F91 /* ApplicatonDetailCell */ = {
			isa = PBXGroup;
			children = (
				1877A9BA260B395200712F91 /* ApplicationDetailTableViewCell.swift */,
			);
			path = ApplicatonDetailCell;
			sourceTree = "<group>";
		};
		1877A9CD260B53B900712F91 /* Listings Page */ = {
			isa = PBXGroup;
			children = (
				1877A9CE260B53E700712F91 /* PrivateSellerViewController.swift */,
				1877A9D6260B548000712F91 /* ListingsPage.storyboard */,
				1877A9DE260B60C300712F91 /* CollectionView */,
			);
			path = "Listings Page";
			sourceTree = "<group>";
		};
		1877A9DE260B60C300712F91 /* CollectionView */ = {
			isa = PBXGroup;
			children = (
				1877A9DF260B60ED00712F91 /* CarNamesCollectionViewCell.swift */,
				1877A9E7260B74AB00712F91 /* CarDetailCollectionViewCell.swift */,
			);
			path = CollectionView;
			sourceTree = "<group>";
		};
		1885D73B260397640093B60E /* SearchByTypeCell */ = {
			isa = PBXGroup;
			children = (
				1885D73C26039CAE0093B60E /* SearchByTypeTableViewCell.swift */,
				1885D73D26039CAE0093B60E /* SearchByTypeTableViewCell.xib */,
			);
			path = SearchByTypeCell;
			sourceTree = "<group>";
		};
		1885D75B2603A20C0093B60E /* SearchByTypeCell */ = {
			isa = PBXGroup;
			children = (
				1885D7542603A0780093B60E /* SearchByTypeCollectionViewCell.swift */,
				1885D7552603A0780093B60E /* SearchByTypeCollectionViewCell.xib */,
			);
			path = SearchByTypeCell;
			sourceTree = "<group>";
		};
		1885D75C2603A2330093B60E /* FeaturedCell */ = {
			isa = PBXGroup;
			children = (
				183AC92C26035897003D1999 /* FeaturedCollectionViewCell.swift */,
				183AC92D26035897003D1999 /* FeaturedCollectionViewCell.xib */,
			);
			path = FeaturedCell;
			sourceTree = "<group>";
		};
		189CA4CB25F99F48007EAAF4 /* TableViewCell */ = {
			isa = PBXGroup;
			children = (
				189CA4D725F99F9A007EAAF4 /* Post10TableViewCell.swift */,
			);
			path = TableViewCell;
			sourceTree = "<group>";
		};
		18A0426D25ECFB9C001B09F2 /* Dealer Registration */ = {
			isa = PBXGroup;
			children = (
				18A0426E25ECFBC9001B09F2 /* Dealer1ViewController.swift */,
				18A0427025ECFEFA001B09F2 /* Dealer2ViewController.swift */,
				18A0427225ED1E26001B09F2 /* Dealer3ViewController.swift */,
				18A0427425ED2589001B09F2 /* Dealer4ViewController.swift */,
				18A0427625ED31DC001B09F2 /* Dealer5ViewController.swift */,
				187B405425ED4AA3003EC979 /* Dealer6ViewController.swift */,
				187B405625ED5152003EC979 /* Dealer7ViewController.swift */,
				187B405825ED5829003EC979 /* Dealer8ViewController.swift */,
				181ECFA12600C57D002FCC9E /* Home Page */,
			);
			path = "Dealer Registration";
			sourceTree = "<group>";
		};
		18A48A7825E64DEE006F3097 = {
			isa = PBXGroup;
			children = (
				18A48A8325E64DEE006F3097 /* Finance */,
				18A48A9A25E64DF3006F3097 /* FinanceTests */,
				18A48AA525E64DF3006F3097 /* FinanceUITests */,
				18A48A8225E64DEE006F3097 /* Products */,
				45E090331E7C0A7AD8E53611 /* Pods */,
				77101BE17F00A64E430E293E /* Frameworks */,
			);
			sourceTree = "<group>";
		};
		18A48A8225E64DEE006F3097 /* Products */ = {
			isa = PBXGroup;
			children = (
				18A48A8125E64DEE006F3097 /* Finance.app */,
				18A48A9725E64DF3006F3097 /* FinanceTests.xctest */,
				18A48AA225E64DF3006F3097 /* FinanceUITests.xctest */,
			);
			name = Products;
			sourceTree = "<group>";
		};
		18A48A8325E64DEE006F3097 /* Finance */ = {
			isa = PBXGroup;
			children = (
				1860380A25FA5F130093BC02 /* Model */,
				1860380E25FA65510093BC02 /* Manager */,
				18A54CB825F6808500B96D46 /* Textfields */,
				18A54CB225F6804F00B96D46 /* Utilities */,
				18A48A8425E64DEE006F3097 /* AppDelegate.swift */,
				18A48A8625E64DEE006F3097 /* SceneDelegate.swift */,
				18387E2A25E71E7D000F67EB /* Fonts */,
				183F88E225E7115E00EFD168 /* ViewControllers */,
				18A48A8A25E64DEE006F3097 /* Main.storyboard */,
				18A48A8D25E64DF3006F3097 /* Assets.xcassets */,
				18A48A8F25E64DF3006F3097 /* LaunchScreen.storyboard */,
				18A48A9225E64DF3006F3097 /* Info.plist */,
			);
			path = Finance;
			sourceTree = "<group>";
		};
		18A48A9A25E64DF3006F3097 /* FinanceTests */ = {
			isa = PBXGroup;
			children = (
				18A48A9B25E64DF3006F3097 /* FinanceTests.swift */,
				18A48A9D25E64DF3006F3097 /* Info.plist */,
			);
			path = FinanceTests;
			sourceTree = "<group>";
		};
		18A48AA525E64DF3006F3097 /* FinanceUITests */ = {
			isa = PBXGroup;
			children = (
				18A48AA625E64DF3006F3097 /* FinanceUITests.swift */,
				18A48AA825E64DF3006F3097 /* Info.plist */,
			);
			path = FinanceUITests;
			sourceTree = "<group>";
		};
		18A54CB225F6804F00B96D46 /* Utilities */ = {
			isa = PBXGroup;
			children = (
				18A54CB325F6806400B96D46 /* Constants.swift */,
				186F5B6925FA957A00FB9AA6 /* Utilities.swift */,
			);
			path = Utilities;
			sourceTree = "<group>";
		};
		18A54CB825F6808500B96D46 /* Textfields */ = {
			isa = PBXGroup;
			children = (
				181D877F25E8B2CF002E116D /* CustomTextfield.swift */,
				18EDAC5A25E954130096AFD4 /* OTPTextField.swift */,
			);
			path = Textfields;
			sourceTree = "<group>";
		};
		18EDAC5325E938E20096AFD4 /* Forgot Password */ = {
			isa = PBXGroup;
			children = (
				18EDAC5425E939130096AFD4 /* Forgt1ViewController.swift */,
				18EDAC5625E9392F0096AFD4 /* Forgot2ViewController.swift */,
				18EDAC5825E939410096AFD4 /* Forgot3ViewController.swift */,
			);
			path = "Forgot Password";
			sourceTree = "<group>";
		};
		18FAAA212608940E0041B897 /* Notification Cell */ = {
			isa = PBXGroup;
			children = (
				18FAAA1C260893F70041B897 /* NotificationCell.swift */,
			);
			path = "Notification Cell";
			sourceTree = "<group>";
		};
		18FAAA2A2608AB4A0041B897 /* MyApplicationPageCell */ = {
			isa = PBXGroup;
			children = (
				18FAAA2B2608AB860041B897 /* MyApplicationPageTableViewCell.swift */,
			);
			path = MyApplicationPageCell;
			sourceTree = "<group>";
		};
		45E090331E7C0A7AD8E53611 /* Pods */ = {
			isa = PBXGroup;
			children = (
				E8AEAA048628E52F6ECD8CAE /* Pods-Finance.debug.xcconfig */,
				4FB5B725CB10DCE2BCAE0255 /* Pods-Finance.release.xcconfig */,
				5AB906258C6EF57CD32DE260 /* Pods-Finance-FinanceUITests.debug.xcconfig */,
				71B0452AE243E799AE6FEB75 /* Pods-Finance-FinanceUITests.release.xcconfig */,
				B14CC5BFC760AAC23408007C /* Pods-FinanceTests.debug.xcconfig */,
				A75FD106DD58B39A1B3325A4 /* Pods-FinanceTests.release.xcconfig */,
			);
			path = Pods;
			sourceTree = "<group>";
		};
		77101BE17F00A64E430E293E /* Frameworks */ = {
			isa = PBXGroup;
			children = (
				99D5FED40E03898177B25AAA /* Pods_Finance.framework */,
				4FEC4CA3DF9FE42B555A5C6A /* Pods_Finance_FinanceUITests.framework */,
				CFE16D1C0C831DD5D523E767 /* Pods_FinanceTests.framework */,
			);
			name = Frameworks;
			sourceTree = "<group>";
		};
/* End PBXGroup section */

/* Begin PBXNativeTarget section */
		18A48A8025E64DEE006F3097 /* Finance */ = {
			isa = PBXNativeTarget;
			buildConfigurationList = 18A48AAB25E64DF3006F3097 /* Build configuration list for PBXNativeTarget "Finance" */;
			buildPhases = (
				7CC4EB91C059CEED020AFA13 /* [CP] Check Pods Manifest.lock */,
				18A48A7D25E64DEE006F3097 /* Sources */,
				18A48A7E25E64DEE006F3097 /* Frameworks */,
				18A48A7F25E64DEE006F3097 /* Resources */,
				CF2FBF1437D0B4D9A6A69604 /* [CP] Embed Pods Frameworks */,
			);
			buildRules = (
			);
			dependencies = (
			);
			name = Finance;
			productName = Finance;
			productReference = 18A48A8125E64DEE006F3097 /* Finance.app */;
			productType = "com.apple.product-type.application";
		};
		18A48A9625E64DF3006F3097 /* FinanceTests */ = {
			isa = PBXNativeTarget;
			buildConfigurationList = 18A48AAE25E64DF3006F3097 /* Build configuration list for PBXNativeTarget "FinanceTests" */;
			buildPhases = (
				0AE15EBB706DC606BD5B3235 /* [CP] Check Pods Manifest.lock */,
				18A48A9325E64DF3006F3097 /* Sources */,
				18A48A9425E64DF3006F3097 /* Frameworks */,
				18A48A9525E64DF3006F3097 /* Resources */,
			);
			buildRules = (
			);
			dependencies = (
				18A48A9925E64DF3006F3097 /* PBXTargetDependency */,
			);
			name = FinanceTests;
			productName = FinanceTests;
			productReference = 18A48A9725E64DF3006F3097 /* FinanceTests.xctest */;
			productType = "com.apple.product-type.bundle.unit-test";
		};
		18A48AA125E64DF3006F3097 /* FinanceUITests */ = {
			isa = PBXNativeTarget;
			buildConfigurationList = 18A48AB125E64DF3006F3097 /* Build configuration list for PBXNativeTarget "FinanceUITests" */;
			buildPhases = (
				D096C6809AF2B16F4905C060 /* [CP] Check Pods Manifest.lock */,
				18A48A9E25E64DF3006F3097 /* Sources */,
				18A48A9F25E64DF3006F3097 /* Frameworks */,
				18A48AA025E64DF3006F3097 /* Resources */,
				98845111D463B17D4D7D0E3D /* [CP] Embed Pods Frameworks */,
			);
			buildRules = (
			);
			dependencies = (
				18A48AA425E64DF3006F3097 /* PBXTargetDependency */,
			);
			name = FinanceUITests;
			productName = FinanceUITests;
			productReference = 18A48AA225E64DF3006F3097 /* FinanceUITests.xctest */;
			productType = "com.apple.product-type.bundle.ui-testing";
		};
/* End PBXNativeTarget section */

/* Begin PBXProject section */
		18A48A7925E64DEE006F3097 /* Project object */ = {
			isa = PBXProject;
			attributes = {
				LastSwiftUpdateCheck = 1160;
				LastUpgradeCheck = 1160;
				ORGANIZATIONNAME = "Ammar Irfan";
				TargetAttributes = {
					18A48A8025E64DEE006F3097 = {
						CreatedOnToolsVersion = 11.6;
					};
					18A48A9625E64DF3006F3097 = {
						CreatedOnToolsVersion = 11.6;
						TestTargetID = 18A48A8025E64DEE006F3097;
					};
					18A48AA125E64DF3006F3097 = {
						CreatedOnToolsVersion = 11.6;
						TestTargetID = 18A48A8025E64DEE006F3097;
					};
				};
			};
			buildConfigurationList = 18A48A7C25E64DEE006F3097 /* Build configuration list for PBXProject "Finance" */;
			compatibilityVersion = "Xcode 9.3";
			developmentRegion = en;
			hasScannedForEncodings = 0;
			knownRegions = (
				en,
				Base,
			);
			mainGroup = 18A48A7825E64DEE006F3097;
			productRefGroup = 18A48A8225E64DEE006F3097 /* Products */;
			projectDirPath = "";
			projectRoot = "";
			targets = (
				18A48A8025E64DEE006F3097 /* Finance */,
				18A48A9625E64DF3006F3097 /* FinanceTests */,
				18A48AA125E64DF3006F3097 /* FinanceUITests */,
			);
		};
/* End PBXProject section */

/* Begin PBXResourcesBuildPhase section */
		18A48A7F25E64DEE006F3097 /* Resources */ = {
			isa = PBXResourcesBuildPhase;
			buildActionMask = 2147483647;
			files = (
				18387E3025E7212F000F67EB /* BasisGrotesquePro-Light.ttf in Resources */,
				18A48A9125E64DF3006F3097 /* LaunchScreen.storyboard in Resources */,
				183AC92F26035897003D1999 /* FeaturedCollectionViewCell.xib in Resources */,
				18387E3125E7212F000F67EB /* BasisGrotesquePro-Regular.ttf in Resources */,
				183AC90D26034B29003D1999 /* HomeBuySellExploreCell.xib in Resources */,
				18C782CD25E8DDC500813A0D /* Basis Grotesque Pro Medium.ttf in Resources */,
				182D7DF32602177500B06657 /* HomePage.storyboard in Resources */,
				1877A9D7260B548000712F91 /* ListingsPage.storyboard in Resources */,
				183AC91426034E76003D1999 /* FeaturedCell.xib in Resources */,
				18320E4A25F300EA00F104E1 /* Post Application Page.storyboard in Resources */,
				18387E3225E7212F000F67EB /* BasisGrotesquePro-Bold.ttf in Resources */,
				18A48A8E25E64DF3006F3097 /* Assets.xcassets in Resources */,
				1885D73F26039CAE0093B60E /* SearchByTypeTableViewCell.xib in Resources */,
				18A48A8C25E64DEE006F3097 /* Main.storyboard in Resources */,
				1885D7572603A0780093B60E /* SearchByTypeCollectionViewCell.xib in Resources */,
			);
			runOnlyForDeploymentPostprocessing = 0;
		};
		18A48A9525E64DF3006F3097 /* Resources */ = {
			isa = PBXResourcesBuildPhase;
			buildActionMask = 2147483647;
			files = (
			);
			runOnlyForDeploymentPostprocessing = 0;
		};
		18A48AA025E64DF3006F3097 /* Resources */ = {
			isa = PBXResourcesBuildPhase;
			buildActionMask = 2147483647;
			files = (
			);
			runOnlyForDeploymentPostprocessing = 0;
		};
/* End PBXResourcesBuildPhase section */

/* Begin PBXShellScriptBuildPhase section */
		0AE15EBB706DC606BD5B3235 /* [CP] Check Pods Manifest.lock */ = {
			isa = PBXShellScriptBuildPhase;
			buildActionMask = 2147483647;
			files = (
			);
			inputFileListPaths = (
			);
			inputPaths = (
				"${PODS_PODFILE_DIR_PATH}/Podfile.lock",
				"${PODS_ROOT}/Manifest.lock",
			);
			name = "[CP] Check Pods Manifest.lock";
			outputFileListPaths = (
			);
			outputPaths = (
				"$(DERIVED_FILE_DIR)/Pods-FinanceTests-checkManifestLockResult.txt",
			);
			runOnlyForDeploymentPostprocessing = 0;
			shellPath = /bin/sh;
			shellScript = "diff \"${PODS_PODFILE_DIR_PATH}/Podfile.lock\" \"${PODS_ROOT}/Manifest.lock\" > /dev/null\nif [ $? != 0 ] ; then\n    # print error to STDERR\n    echo \"error: The sandbox is not in sync with the Podfile.lock. Run 'pod install' or update your CocoaPods installation.\" >&2\n    exit 1\nfi\n# This output is used by Xcode 'outputs' to avoid re-running this script phase.\necho \"SUCCESS\" > \"${SCRIPT_OUTPUT_FILE_0}\"\n";
			showEnvVarsInLog = 0;
		};
		7CC4EB91C059CEED020AFA13 /* [CP] Check Pods Manifest.lock */ = {
			isa = PBXShellScriptBuildPhase;
			buildActionMask = 2147483647;
			files = (
			);
			inputFileListPaths = (
			);
			inputPaths = (
				"${PODS_PODFILE_DIR_PATH}/Podfile.lock",
				"${PODS_ROOT}/Manifest.lock",
			);
			name = "[CP] Check Pods Manifest.lock";
			outputFileListPaths = (
			);
			outputPaths = (
				"$(DERIVED_FILE_DIR)/Pods-Finance-checkManifestLockResult.txt",
			);
			runOnlyForDeploymentPostprocessing = 0;
			shellPath = /bin/sh;
			shellScript = "diff \"${PODS_PODFILE_DIR_PATH}/Podfile.lock\" \"${PODS_ROOT}/Manifest.lock\" > /dev/null\nif [ $? != 0 ] ; then\n    # print error to STDERR\n    echo \"error: The sandbox is not in sync with the Podfile.lock. Run 'pod install' or update your CocoaPods installation.\" >&2\n    exit 1\nfi\n# This output is used by Xcode 'outputs' to avoid re-running this script phase.\necho \"SUCCESS\" > \"${SCRIPT_OUTPUT_FILE_0}\"\n";
			showEnvVarsInLog = 0;
		};
		98845111D463B17D4D7D0E3D /* [CP] Embed Pods Frameworks */ = {
			isa = PBXShellScriptBuildPhase;
			buildActionMask = 2147483647;
			files = (
			);
			inputFileListPaths = (
				"${PODS_ROOT}/Target Support Files/Pods-Finance-FinanceUITests/Pods-Finance-FinanceUITests-frameworks-${CONFIGURATION}-input-files.xcfilelist",
			);
			name = "[CP] Embed Pods Frameworks";
			outputFileListPaths = (
				"${PODS_ROOT}/Target Support Files/Pods-Finance-FinanceUITests/Pods-Finance-FinanceUITests-frameworks-${CONFIGURATION}-output-files.xcfilelist",
			);
			runOnlyForDeploymentPostprocessing = 0;
			shellPath = /bin/sh;
			shellScript = "\"${PODS_ROOT}/Target Support Files/Pods-Finance-FinanceUITests/Pods-Finance-FinanceUITests-frameworks.sh\"\n";
			showEnvVarsInLog = 0;
		};
		CF2FBF1437D0B4D9A6A69604 /* [CP] Embed Pods Frameworks */ = {
			isa = PBXShellScriptBuildPhase;
			buildActionMask = 2147483647;
			files = (
			);
			inputFileListPaths = (
				"${PODS_ROOT}/Target Support Files/Pods-Finance/Pods-Finance-frameworks-${CONFIGURATION}-input-files.xcfilelist",
			);
			name = "[CP] Embed Pods Frameworks";
			outputFileListPaths = (
				"${PODS_ROOT}/Target Support Files/Pods-Finance/Pods-Finance-frameworks-${CONFIGURATION}-output-files.xcfilelist",
			);
			runOnlyForDeploymentPostprocessing = 0;
			shellPath = /bin/sh;
			shellScript = "\"${PODS_ROOT}/Target Support Files/Pods-Finance/Pods-Finance-frameworks.sh\"\n";
			showEnvVarsInLog = 0;
		};
		D096C6809AF2B16F4905C060 /* [CP] Check Pods Manifest.lock */ = {
			isa = PBXShellScriptBuildPhase;
			buildActionMask = 2147483647;
			files = (
			);
			inputFileListPaths = (
			);
			inputPaths = (
				"${PODS_PODFILE_DIR_PATH}/Podfile.lock",
				"${PODS_ROOT}/Manifest.lock",
			);
			name = "[CP] Check Pods Manifest.lock";
			outputFileListPaths = (
			);
			outputPaths = (
				"$(DERIVED_FILE_DIR)/Pods-Finance-FinanceUITests-checkManifestLockResult.txt",
			);
			runOnlyForDeploymentPostprocessing = 0;
			shellPath = /bin/sh;
			shellScript = "diff \"${PODS_PODFILE_DIR_PATH}/Podfile.lock\" \"${PODS_ROOT}/Manifest.lock\" > /dev/null\nif [ $? != 0 ] ; then\n    # print error to STDERR\n    echo \"error: The sandbox is not in sync with the Podfile.lock. Run 'pod install' or update your CocoaPods installation.\" >&2\n    exit 1\nfi\n# This output is used by Xcode 'outputs' to avoid re-running this script phase.\necho \"SUCCESS\" > \"${SCRIPT_OUTPUT_FILE_0}\"\n";
			showEnvVarsInLog = 0;
		};
/* End PBXShellScriptBuildPhase section */

/* Begin PBXSourcesBuildPhase section */
		18A48A7D25E64DEE006F3097 /* Sources */ = {
			isa = PBXSourcesBuildPhase;
			buildActionMask = 2147483647;
			files = (
				1860381025FA65D60093BC02 /* NetworkManager.swift in Sources */,
				18076CFA25E74878003B9ABB /* UserPage1ViewController.swift in Sources */,
				18A54CB425F6806500B96D46 /* Constants.swift in Sources */,
				181C897E2606354B002EE22F /* OnBoardingCollectionViewCell.swift in Sources */,
				18076CFC25E754A9003B9ABB /* UserPage2ViewController.swift in Sources */,
				180FC571260CD15F00DEFBAA /* FilterViewController.swift in Sources */,
				18FAAA18260886E60041B897 /* NotificationsViewController.swift in Sources */,
				186F5B5825FA78D600FB9AA6 /* LoginModel.swift in Sources */,
				187B405725ED5153003EC979 /* Dealer7ViewController.swift in Sources */,
				183AC90C26034B29003D1999 /* HomeBuySellExploreCell.swift in Sources */,
				1877A9E8260B74AB00712F91 /* CarDetailCollectionViewCell.swift in Sources */,
				18FAAA262608A1E00041B897 /* MyApplicationsPageViewController.swift in Sources */,
				18A0426F25ECFBC9001B09F2 /* Dealer1ViewController.swift in Sources */,
				1877A9BB260B395200712F91 /* ApplicationDetailTableViewCell.swift in Sources */,
				1877A9CF260B53E700712F91 /* PrivateSellerViewController.swift in Sources */,
				1811920225F4368C00839599 /* Post2ViewController.swift in Sources */,
				180FC56B260CD0F500DEFBAA /* AllCategoriesCell.swift in Sources */,
				181D878025E8B2CF002E116D /* CustomTextfield.swift in Sources */,
				18A48A8925E64DEE006F3097 /* ViewController.swift in Sources */,
				18A48A8525E64DEE006F3097 /* AppDelegate.swift in Sources */,
				18EDAC5525E939130096AFD4 /* Forgt1ViewController.swift in Sources */,
				18A0427525ED2589001B09F2 /* Dealer4ViewController.swift in Sources */,
				1885D73E26039CAE0093B60E /* SearchByTypeTableViewCell.swift in Sources */,
				18FAAA342608E7FA0041B897 /* MyApplicationDetailViewController.swift in Sources */,
				1885D7562603A0780093B60E /* SearchByTypeCollectionViewCell.swift in Sources */,
				189CA4D825F99F9A007EAAF4 /* Post10TableViewCell.swift in Sources */,
				1811922A25F4691F00839599 /* Post10ViewController.swift in Sources */,
				18076CFE25E75979003B9ABB /* UserPage3ViewController.swift in Sources */,
				181ECFA32600C5A4002FCC9E /* HomePage1ViewController.swift in Sources */,
				18286A7E260DC3D6003C8706 /* CategoriesTableViewCell.swift in Sources */,
				184BA19725FBDDED0045FCD3 /* ResetCompleteModel.swift in Sources */,
				1811920C25F453DF00839599 /* Post4ViewController.swift in Sources */,
				1860381525FA65F00093BC02 /* ExtentionNetworManager.swift in Sources */,
				18EDAC5925E939410096AFD4 /* Forgot3ViewController.swift in Sources */,
				187B405525ED4AA3003EC979 /* Dealer6ViewController.swift in Sources */,
				183AC91326034E76003D1999 /* FeaturedCell.swift in Sources */,
				18A48A8725E64DEE006F3097 /* SceneDelegate.swift in Sources */,
				18A0427125ECFEFA001B09F2 /* Dealer2ViewController.swift in Sources */,
				1811922525F4691000839599 /* Post9ViewController.swift in Sources */,
				1811921625F45D7400839599 /* Post6ViewController.swift in Sources */,
				18EDAC5725E9392F0096AFD4 /* Forgot2ViewController.swift in Sources */,
				187B405925ED5829003EC979 /* Dealer8ViewController.swift in Sources */,
				1852750D25F3B9A40018CD81 /* Post1ViewController.swift in Sources */,
				18076D0325E77925003B9ABB /* LogInViewController.swift in Sources */,
				1877A9E0260B60ED00712F91 /* CarNamesCollectionViewCell.swift in Sources */,
				186F5B6A25FA957A00FB9AA6 /* Utilities.swift in Sources */,
				186F5B4E25FA76D700FB9AA6 /* DealerDetailsModel.swift in Sources */,
				1811921125F45D6800839599 /* Post5ViewController.swift in Sources */,
				1811922025F45D9000839599 /* Post8ViewController.swift in Sources */,
				1811921B25F45D8200839599 /* Post7ViewController.swift in Sources */,
				18A0427325ED1E26001B09F2 /* Dealer3ViewController.swift in Sources */,
				186F5B5D25FA7D8A00FB9AA6 /* ResetPasswordModel.swift in Sources */,
				1811920725F43CAD00839599 /* Post3ViewController.swift in Sources */,
				18FAAA2C2608AB860041B897 /* MyApplicationPageTableViewCell.swift in Sources */,
				186F5B5325FA780B00FB9AA6 /* BuyerDetailModel.swift in Sources */,
				18076D0025E77398003B9ABB /* UserPage4ViewController.swift in Sources */,
				18EDAC5B25E954130096AFD4 /* OTPTextField.swift in Sources */,
				183AC92E26035897003D1999 /* FeaturedCollectionViewCell.swift in Sources */,
				18FAAA1D260893F70041B897 /* NotificationCell.swift in Sources */,
				18A0427725ED31DC001B09F2 /* Dealer5ViewController.swift in Sources */,
			);
			runOnlyForDeploymentPostprocessing = 0;
		};
		18A48A9325E64DF3006F3097 /* Sources */ = {
			isa = PBXSourcesBuildPhase;
			buildActionMask = 2147483647;
			files = (
				18A48A9C25E64DF3006F3097 /* FinanceTests.swift in Sources */,
			);
			runOnlyForDeploymentPostprocessing = 0;
		};
		18A48A9E25E64DF3006F3097 /* Sources */ = {
			isa = PBXSourcesBuildPhase;
			buildActionMask = 2147483647;
			files = (
				18A48AA725E64DF3006F3097 /* FinanceUITests.swift in Sources */,
			);
			runOnlyForDeploymentPostprocessing = 0;
		};
/* End PBXSourcesBuildPhase section */

/* Begin PBXTargetDependency section */
		18A48A9925E64DF3006F3097 /* PBXTargetDependency */ = {
			isa = PBXTargetDependency;
			target = 18A48A8025E64DEE006F3097 /* Finance */;
			targetProxy = 18A48A9825E64DF3006F3097 /* PBXContainerItemProxy */;
		};
		18A48AA425E64DF3006F3097 /* PBXTargetDependency */ = {
			isa = PBXTargetDependency;
			target = 18A48A8025E64DEE006F3097 /* Finance */;
			targetProxy = 18A48AA325E64DF3006F3097 /* PBXContainerItemProxy */;
		};
/* End PBXTargetDependency section */

/* Begin PBXVariantGroup section */
		18A48A8A25E64DEE006F3097 /* Main.storyboard */ = {
			isa = PBXVariantGroup;
			children = (
				18A48A8B25E64DEE006F3097 /* Base */,
			);
			name = Main.storyboard;
			sourceTree = "<group>";
		};
		18A48A8F25E64DF3006F3097 /* LaunchScreen.storyboard */ = {
			isa = PBXVariantGroup;
			children = (
				18A48A9025E64DF3006F3097 /* Base */,
			);
			name = LaunchScreen.storyboard;
			sourceTree = "<group>";
		};
/* End PBXVariantGroup section */

/* Begin XCBuildConfiguration section */
		18A48AA925E64DF3006F3097 /* Debug */ = {
			isa = XCBuildConfiguration;
			buildSettings = {
				ALWAYS_SEARCH_USER_PATHS = NO;
				CLANG_ANALYZER_NONNULL = YES;
				CLANG_ANALYZER_NUMBER_OBJECT_CONVERSION = YES_AGGRESSIVE;
				CLANG_CXX_LANGUAGE_STANDARD = "gnu++14";
				CLANG_CXX_LIBRARY = "libc++";
				CLANG_ENABLE_MODULES = YES;
				CLANG_ENABLE_OBJC_ARC = YES;
				CLANG_ENABLE_OBJC_WEAK = YES;
				CLANG_WARN_BLOCK_CAPTURE_AUTORELEASING = YES;
				CLANG_WARN_BOOL_CONVERSION = YES;
				CLANG_WARN_COMMA = YES;
				CLANG_WARN_CONSTANT_CONVERSION = YES;
				CLANG_WARN_DEPRECATED_OBJC_IMPLEMENTATIONS = YES;
				CLANG_WARN_DIRECT_OBJC_ISA_USAGE = YES_ERROR;
				CLANG_WARN_DOCUMENTATION_COMMENTS = YES;
				CLANG_WARN_EMPTY_BODY = YES;
				CLANG_WARN_ENUM_CONVERSION = YES;
				CLANG_WARN_INFINITE_RECURSION = YES;
				CLANG_WARN_INT_CONVERSION = YES;
				CLANG_WARN_NON_LITERAL_NULL_CONVERSION = YES;
				CLANG_WARN_OBJC_IMPLICIT_RETAIN_SELF = YES;
				CLANG_WARN_OBJC_LITERAL_CONVERSION = YES;
				CLANG_WARN_OBJC_ROOT_CLASS = YES_ERROR;
				CLANG_WARN_RANGE_LOOP_ANALYSIS = YES;
				CLANG_WARN_STRICT_PROTOTYPES = YES;
				CLANG_WARN_SUSPICIOUS_MOVE = YES;
				CLANG_WARN_UNGUARDED_AVAILABILITY = YES_AGGRESSIVE;
				CLANG_WARN_UNREACHABLE_CODE = YES;
				CLANG_WARN__DUPLICATE_METHOD_MATCH = YES;
				COPY_PHASE_STRIP = NO;
				DEBUG_INFORMATION_FORMAT = dwarf;
				ENABLE_STRICT_OBJC_MSGSEND = YES;
				ENABLE_TESTABILITY = YES;
				GCC_C_LANGUAGE_STANDARD = gnu11;
				GCC_DYNAMIC_NO_PIC = NO;
				GCC_NO_COMMON_BLOCKS = YES;
				GCC_OPTIMIZATION_LEVEL = 0;
				GCC_PREPROCESSOR_DEFINITIONS = (
					"DEBUG=1",
					"$(inherited)",
				);
				GCC_WARN_64_TO_32_BIT_CONVERSION = YES;
				GCC_WARN_ABOUT_RETURN_TYPE = YES_ERROR;
				GCC_WARN_UNDECLARED_SELECTOR = YES;
				GCC_WARN_UNINITIALIZED_AUTOS = YES_AGGRESSIVE;
				GCC_WARN_UNUSED_FUNCTION = YES;
				GCC_WARN_UNUSED_VARIABLE = YES;
				IPHONEOS_DEPLOYMENT_TARGET = 13.6;
				MTL_ENABLE_DEBUG_INFO = INCLUDE_SOURCE;
				MTL_FAST_MATH = YES;
				ONLY_ACTIVE_ARCH = YES;
				SDKROOT = iphoneos;
				SWIFT_ACTIVE_COMPILATION_CONDITIONS = DEBUG;
				SWIFT_OPTIMIZATION_LEVEL = "-Onone";
			};
			name = Debug;
		};
		18A48AAA25E64DF3006F3097 /* Release */ = {
			isa = XCBuildConfiguration;
			buildSettings = {
				ALWAYS_SEARCH_USER_PATHS = NO;
				CLANG_ANALYZER_NONNULL = YES;
				CLANG_ANALYZER_NUMBER_OBJECT_CONVERSION = YES_AGGRESSIVE;
				CLANG_CXX_LANGUAGE_STANDARD = "gnu++14";
				CLANG_CXX_LIBRARY = "libc++";
				CLANG_ENABLE_MODULES = YES;
				CLANG_ENABLE_OBJC_ARC = YES;
				CLANG_ENABLE_OBJC_WEAK = YES;
				CLANG_WARN_BLOCK_CAPTURE_AUTORELEASING = YES;
				CLANG_WARN_BOOL_CONVERSION = YES;
				CLANG_WARN_COMMA = YES;
				CLANG_WARN_CONSTANT_CONVERSION = YES;
				CLANG_WARN_DEPRECATED_OBJC_IMPLEMENTATIONS = YES;
				CLANG_WARN_DIRECT_OBJC_ISA_USAGE = YES_ERROR;
				CLANG_WARN_DOCUMENTATION_COMMENTS = YES;
				CLANG_WARN_EMPTY_BODY = YES;
				CLANG_WARN_ENUM_CONVERSION = YES;
				CLANG_WARN_INFINITE_RECURSION = YES;
				CLANG_WARN_INT_CONVERSION = YES;
				CLANG_WARN_NON_LITERAL_NULL_CONVERSION = YES;
				CLANG_WARN_OBJC_IMPLICIT_RETAIN_SELF = YES;
				CLANG_WARN_OBJC_LITERAL_CONVERSION = YES;
				CLANG_WARN_OBJC_ROOT_CLASS = YES_ERROR;
				CLANG_WARN_RANGE_LOOP_ANALYSIS = YES;
				CLANG_WARN_STRICT_PROTOTYPES = YES;
				CLANG_WARN_SUSPICIOUS_MOVE = YES;
				CLANG_WARN_UNGUARDED_AVAILABILITY = YES_AGGRESSIVE;
				CLANG_WARN_UNREACHABLE_CODE = YES;
				CLANG_WARN__DUPLICATE_METHOD_MATCH = YES;
				COPY_PHASE_STRIP = NO;
				DEBUG_INFORMATION_FORMAT = "dwarf-with-dsym";
				ENABLE_NS_ASSERTIONS = NO;
				ENABLE_STRICT_OBJC_MSGSEND = YES;
				GCC_C_LANGUAGE_STANDARD = gnu11;
				GCC_NO_COMMON_BLOCKS = YES;
				GCC_WARN_64_TO_32_BIT_CONVERSION = YES;
				GCC_WARN_ABOUT_RETURN_TYPE = YES_ERROR;
				GCC_WARN_UNDECLARED_SELECTOR = YES;
				GCC_WARN_UNINITIALIZED_AUTOS = YES_AGGRESSIVE;
				GCC_WARN_UNUSED_FUNCTION = YES;
				GCC_WARN_UNUSED_VARIABLE = YES;
				IPHONEOS_DEPLOYMENT_TARGET = 13.6;
				MTL_ENABLE_DEBUG_INFO = NO;
				MTL_FAST_MATH = YES;
				SDKROOT = iphoneos;
				SWIFT_COMPILATION_MODE = wholemodule;
				SWIFT_OPTIMIZATION_LEVEL = "-O";
				VALIDATE_PRODUCT = YES;
			};
			name = Release;
		};
		18A48AAC25E64DF3006F3097 /* Debug */ = {
			isa = XCBuildConfiguration;
			baseConfigurationReference = E8AEAA048628E52F6ECD8CAE /* Pods-Finance.debug.xcconfig */;
			buildSettings = {
				ASSETCATALOG_COMPILER_APPICON_NAME = AppIcon;
				CODE_SIGN_STYLE = Automatic;
				INFOPLIST_FILE = Finance/Info.plist;
				LD_RUNPATH_SEARCH_PATHS = (
					"$(inherited)",
					"@executable_path/Frameworks",
				);
				PRODUCT_BUNDLE_IDENTIFIER = Ammar.Finance;
				PRODUCT_NAME = "$(TARGET_NAME)";
				SWIFT_VERSION = 5.0;
				TARGETED_DEVICE_FAMILY = "1,2";
			};
			name = Debug;
		};
		18A48AAD25E64DF3006F3097 /* Release */ = {
			isa = XCBuildConfiguration;
			baseConfigurationReference = 4FB5B725CB10DCE2BCAE0255 /* Pods-Finance.release.xcconfig */;
			buildSettings = {
				ASSETCATALOG_COMPILER_APPICON_NAME = AppIcon;
				CODE_SIGN_STYLE = Automatic;
				INFOPLIST_FILE = Finance/Info.plist;
				LD_RUNPATH_SEARCH_PATHS = (
					"$(inherited)",
					"@executable_path/Frameworks",
				);
				PRODUCT_BUNDLE_IDENTIFIER = Ammar.Finance;
				PRODUCT_NAME = "$(TARGET_NAME)";
				SWIFT_VERSION = 5.0;
				TARGETED_DEVICE_FAMILY = "1,2";
			};
			name = Release;
		};
		18A48AAF25E64DF3006F3097 /* Debug */ = {
			isa = XCBuildConfiguration;
			baseConfigurationReference = B14CC5BFC760AAC23408007C /* Pods-FinanceTests.debug.xcconfig */;
			buildSettings = {
				ALWAYS_EMBED_SWIFT_STANDARD_LIBRARIES = YES;
				BUNDLE_LOADER = "$(TEST_HOST)";
				CODE_SIGN_STYLE = Automatic;
				INFOPLIST_FILE = FinanceTests/Info.plist;
				IPHONEOS_DEPLOYMENT_TARGET = 13.6;
				LD_RUNPATH_SEARCH_PATHS = (
					"$(inherited)",
					"@executable_path/Frameworks",
					"@loader_path/Frameworks",
				);
				PRODUCT_BUNDLE_IDENTIFIER = Ammar.FinanceTests;
				PRODUCT_NAME = "$(TARGET_NAME)";
				SWIFT_VERSION = 5.0;
				TARGETED_DEVICE_FAMILY = "1,2";
				TEST_HOST = "$(BUILT_PRODUCTS_DIR)/Finance.app/Finance";
			};
			name = Debug;
		};
		18A48AB025E64DF3006F3097 /* Release */ = {
			isa = XCBuildConfiguration;
			baseConfigurationReference = A75FD106DD58B39A1B3325A4 /* Pods-FinanceTests.release.xcconfig */;
			buildSettings = {
				ALWAYS_EMBED_SWIFT_STANDARD_LIBRARIES = YES;
				BUNDLE_LOADER = "$(TEST_HOST)";
				CODE_SIGN_STYLE = Automatic;
				INFOPLIST_FILE = FinanceTests/Info.plist;
				IPHONEOS_DEPLOYMENT_TARGET = 13.6;
				LD_RUNPATH_SEARCH_PATHS = (
					"$(inherited)",
					"@executable_path/Frameworks",
					"@loader_path/Frameworks",
				);
				PRODUCT_BUNDLE_IDENTIFIER = Ammar.FinanceTests;
				PRODUCT_NAME = "$(TARGET_NAME)";
				SWIFT_VERSION = 5.0;
				TARGETED_DEVICE_FAMILY = "1,2";
				TEST_HOST = "$(BUILT_PRODUCTS_DIR)/Finance.app/Finance";
			};
			name = Release;
		};
		18A48AB225E64DF3006F3097 /* Debug */ = {
			isa = XCBuildConfiguration;
			baseConfigurationReference = 5AB906258C6EF57CD32DE260 /* Pods-Finance-FinanceUITests.debug.xcconfig */;
			buildSettings = {
				ALWAYS_EMBED_SWIFT_STANDARD_LIBRARIES = YES;
				CODE_SIGN_STYLE = Automatic;
				INFOPLIST_FILE = FinanceUITests/Info.plist;
				LD_RUNPATH_SEARCH_PATHS = (
					"$(inherited)",
					"@executable_path/Frameworks",
					"@loader_path/Frameworks",
				);
				PRODUCT_BUNDLE_IDENTIFIER = Ammar.FinanceUITests;
				PRODUCT_NAME = "$(TARGET_NAME)";
				SWIFT_VERSION = 5.0;
				TARGETED_DEVICE_FAMILY = "1,2";
				TEST_TARGET_NAME = Finance;
			};
			name = Debug;
		};
		18A48AB325E64DF3006F3097 /* Release */ = {
			isa = XCBuildConfiguration;
			baseConfigurationReference = 71B0452AE243E799AE6FEB75 /* Pods-Finance-FinanceUITests.release.xcconfig */;
			buildSettings = {
				ALWAYS_EMBED_SWIFT_STANDARD_LIBRARIES = YES;
				CODE_SIGN_STYLE = Automatic;
				INFOPLIST_FILE = FinanceUITests/Info.plist;
				LD_RUNPATH_SEARCH_PATHS = (
					"$(inherited)",
					"@executable_path/Frameworks",
					"@loader_path/Frameworks",
				);
				PRODUCT_BUNDLE_IDENTIFIER = Ammar.FinanceUITests;
				PRODUCT_NAME = "$(TARGET_NAME)";
				SWIFT_VERSION = 5.0;
				TARGETED_DEVICE_FAMILY = "1,2";
				TEST_TARGET_NAME = Finance;
			};
			name = Release;
		};
/* End XCBuildConfiguration section */

/* Begin XCConfigurationList section */
		18A48A7C25E64DEE006F3097 /* Build configuration list for PBXProject "Finance" */ = {
			isa = XCConfigurationList;
			buildConfigurations = (
				18A48AA925E64DF3006F3097 /* Debug */,
				18A48AAA25E64DF3006F3097 /* Release */,
			);
			defaultConfigurationIsVisible = 0;
			defaultConfigurationName = Release;
		};
		18A48AAB25E64DF3006F3097 /* Build configuration list for PBXNativeTarget "Finance" */ = {
			isa = XCConfigurationList;
			buildConfigurations = (
				18A48AAC25E64DF3006F3097 /* Debug */,
				18A48AAD25E64DF3006F3097 /* Release */,
			);
			defaultConfigurationIsVisible = 0;
			defaultConfigurationName = Release;
		};
		18A48AAE25E64DF3006F3097 /* Build configuration list for PBXNativeTarget "FinanceTests" */ = {
			isa = XCConfigurationList;
			buildConfigurations = (
				18A48AAF25E64DF3006F3097 /* Debug */,
				18A48AB025E64DF3006F3097 /* Release */,
			);
			defaultConfigurationIsVisible = 0;
			defaultConfigurationName = Release;
		};
		18A48AB125E64DF3006F3097 /* Build configuration list for PBXNativeTarget "FinanceUITests" */ = {
			isa = XCConfigurationList;
			buildConfigurations = (
				18A48AB225E64DF3006F3097 /* Debug */,
				18A48AB325E64DF3006F3097 /* Release */,
			);
			defaultConfigurationIsVisible = 0;
			defaultConfigurationName = Release;
		};
/* End XCConfigurationList section */
	};
	rootObject = 18A48A7925E64DEE006F3097 /* Project object */;
}
